Microsoft Visual Studio Solution File, Format Version 11.00
# Visual Studio 2010
Project("{8BC9CEB8-8B4A-11D0-8D11-00A0C91BC942}") = "ALL_BUILD", "ALL_BUILD.vcxproj", "{EC618BAE-2776-36B3-A362-0949D8617331}"
	ProjectSection(ProjectDependencies) = postProject
		{E4EF83F6-B9FD-3BB6-AE3E-E25399BB0377} = {E4EF83F6-B9FD-3BB6-AE3E-E25399BB0377}
		{DFEB38D5-E4E3-3095-AD49-E6ADA743EC74} = {DFEB38D5-E4E3-3095-AD49-E6ADA743EC74}
		{3BEE1BBF-C749-318C-9583-4A9562DD225A} = {3BEE1BBF-C749-318C-9583-4A9562DD225A}
		{B0AA0FF7-10B0-303B-9183-A791DD30E5E6} = {B0AA0FF7-10B0-303B-9183-A791DD30E5E6}
		{9E8084A2-B6F1-355D-9A0D-A00242CB42AA} = {9E8084A2-B6F1-355D-9A0D-A00242CB42AA}
		{80DAB915-EA91-3AFB-AC5B-68E9AEE5A856} = {80DAB915-EA91-3AFB-AC5B-68E9AEE5A856}
		{90876F8C-9E59-3717-99A7-FB8605CD783D} = {90876F8C-9E59-3717-99A7-FB8605CD783D}
		{48C9FF47-1CE6-3427-9F44-8D255B9E1EAF} = {48C9FF47-1CE6-3427-9F44-8D255B9E1EAF}
		{C301C2D7-EA84-3954-931E-F3818C6AC5E7} = {C301C2D7-EA84-3954-931E-F3818C6AC5E7}
		{B12E9ED1-38EE-3E45-859B-0AD546BDA7BF} = {B12E9ED1-38EE-3E45-859B-0AD546BDA7BF}
		{BEDF1DFD-2836-30C6-86FD-85116BE3BEA0} = {BEDF1DFD-2836-30C6-86FD-85116BE3BEA0}
	EndProjectSection
EndProject
Project("{8BC9CEB8-8B4A-11D0-8D11-00A0C91BC942}") = "Half", "Half\Half.vcxproj", "{E4EF83F6-B9FD-3BB6-AE3E-E25399BB0377}"
	ProjectSection(ProjectDependencies) = postProject
		{C301C2D7-EA84-3954-931E-F3818C6AC5E7} = {C301C2D7-EA84-3954-931E-F3818C6AC5E7}
		{B12E9ED1-38EE-3E45-859B-0AD546BDA7BF} = {B12E9ED1-38EE-3E45-859B-0AD546BDA7BF}
		{BEDF1DFD-2836-30C6-86FD-85116BE3BEA0} = {BEDF1DFD-2836-30C6-86FD-85116BE3BEA0}
	EndProjectSection
EndProject
Project("{8BC9CEB8-8B4A-11D0-8D11-00A0C91BC942}") = "HalfTest", "HalfTest\HalfTest.vcxproj", "{DFEB38D5-E4E3-3095-AD49-E6ADA743EC74}"
	ProjectSection(ProjectDependencies) = postProject
		{E4EF83F6-B9FD-3BB6-AE3E-E25399BB0377} = {E4EF83F6-B9FD-3BB6-AE3E-E25399BB0377}
		{C301C2D7-EA84-3954-931E-F3818C6AC5E7} = {C301C2D7-EA84-3954-931E-F3818C6AC5E7}
	EndProjectSection
EndProject
Project("{8BC9CEB8-8B4A-11D0-8D11-00A0C91BC942}") = "INSTALL", "INSTALL.vcxproj", "{0B7F5739-583D-3685-BFD9-9059D3C7B973}"
	ProjectSection(ProjectDependencies) = postProject
		{EC618BAE-2776-36B3-A362-0949D8617331} = {EC618BAE-2776-36B3-A362-0949D8617331}
		{C301C2D7-EA84-3954-931E-F3818C6AC5E7} = {C301C2D7-EA84-3954-931E-F3818C6AC5E7}
	EndProjectSection
EndProject
Project("{8BC9CEB8-8B4A-11D0-8D11-00A0C91BC942}") = "Iex", "Iex\Iex.vcxproj", "{3BEE1BBF-C749-318C-9583-4A9562DD225A}"
	ProjectSection(ProjectDependencies) = postProject
		{C301C2D7-EA84-3954-931E-F3818C6AC5E7} = {C301C2D7-EA84-3954-931E-F3818C6AC5E7}
	EndProjectSection
EndProject
Project("{8BC9CEB8-8B4A-11D0-8D11-00A0C91BC942}") = "IexMath", "IexMath\IexMath.vcxproj", "{B0AA0FF7-10B0-303B-9183-A791DD30E5E6}"
	ProjectSection(ProjectDependencies) = postProject
		{3BEE1BBF-C749-318C-9583-4A9562DD225A} = {3BEE1BBF-C749-318C-9583-4A9562DD225A}
		{C301C2D7-EA84-3954-931E-F3818C6AC5E7} = {C301C2D7-EA84-3954-931E-F3818C6AC5E7}
	EndProjectSection
EndProject
Project("{8BC9CEB8-8B4A-11D0-8D11-00A0C91BC942}") = "IexTest", "IexTest\IexTest.vcxproj", "{9E8084A2-B6F1-355D-9A0D-A00242CB42AA}"
	ProjectSection(ProjectDependencies) = postProject
		{3BEE1BBF-C749-318C-9583-4A9562DD225A} = {3BEE1BBF-C749-318C-9583-4A9562DD225A}
		{C301C2D7-EA84-3954-931E-F3818C6AC5E7} = {C301C2D7-EA84-3954-931E-F3818C6AC5E7}
	EndProjectSection
EndProject
Project("{8BC9CEB8-8B4A-11D0-8D11-00A0C91BC942}") = "IlmThread", "IlmThread\IlmThread.vcxproj", "{80DAB915-EA91-3AFB-AC5B-68E9AEE5A856}"
	ProjectSection(ProjectDependencies) = postProject
		{3BEE1BBF-C749-318C-9583-4A9562DD225A} = {3BEE1BBF-C749-318C-9583-4A9562DD225A}
		{C301C2D7-EA84-3954-931E-F3818C6AC5E7} = {C301C2D7-EA84-3954-931E-F3818C6AC5E7}
	EndProjectSection
EndProject
Project("{8BC9CEB8-8B4A-11D0-8D11-00A0C91BC942}") = "Imath", "Imath\Imath.vcxproj", "{90876F8C-9E59-3717-99A7-FB8605CD783D}"
	ProjectSection(ProjectDependencies) = postProject
		{3BEE1BBF-C749-318C-9583-4A9562DD225A} = {3BEE1BBF-C749-318C-9583-4A9562DD225A}
		{C301C2D7-EA84-3954-931E-F3818C6AC5E7} = {C301C2D7-EA84-3954-931E-F3818C6AC5E7}
	EndProjectSection
EndProject
Project("{8BC9CEB8-8B4A-11D0-8D11-00A0C91BC942}") = "ImathTest", "ImathTest\ImathTest.vcxproj", "{48C9FF47-1CE6-3427-9F44-8D255B9E1EAF}"
	ProjectSection(ProjectDependencies) = postProject
		{3BEE1BBF-C749-318C-9583-4A9562DD225A} = {3BEE1BBF-C749-318C-9583-4A9562DD225A}
		{90876F8C-9E59-3717-99A7-FB8605CD783D} = {90876F8C-9E59-3717-99A7-FB8605CD783D}
		{C301C2D7-EA84-3954-931E-F3818C6AC5E7} = {C301C2D7-EA84-3954-931E-F3818C6AC5E7}
	EndProjectSection
EndProject
Project("{8BC9CEB8-8B4A-11D0-8D11-00A0C91BC942}") = "PACKAGE", "PACKAGE.vcxproj", "{4CA5996D-D739-391F-AAFC-0A387A7EA6B5}"
	ProjectSection(ProjectDependencies) = postProject
		{EC618BAE-2776-36B3-A362-0949D8617331} = {EC618BAE-2776-36B3-A362-0949D8617331}
		{C301C2D7-EA84-3954-931E-F3818C6AC5E7} = {C301C2D7-EA84-3954-931E-F3818C6AC5E7}
	EndProjectSection
EndProject
Project("{8BC9CEB8-8B4A-11D0-8D11-00A0C91BC942}") = "RUN_TESTS", "RUN_TESTS.vcxproj", "{3EBA7E02-D7B8-39CE-AD30-DB845A4DB9E7}"
	ProjectSection(ProjectDependencies) = postProject
		{C301C2D7-EA84-3954-931E-F3818C6AC5E7} = {C301C2D7-EA84-3954-931E-F3818C6AC5E7}
	EndProjectSection
EndProject
Project("{8BC9CEB8-8B4A-11D0-8D11-00A0C91BC942}") = "ZERO_CHECK", "ZERO_CHECK.vcxproj", "{C301C2D7-EA84-3954-931E-F3818C6AC5E7}"
	ProjectSection(ProjectDependencies) = postProject
	EndProjectSection
EndProject
Project("{8BC9CEB8-8B4A-11D0-8D11-00A0C91BC942}") = "eLut", "Half\eLut.vcxproj", "{B12E9ED1-38EE-3E45-859B-0AD546BDA7BF}"
	ProjectSection(ProjectDependencies) = postProject
		{C301C2D7-EA84-3954-931E-F3818C6AC5E7} = {C301C2D7-EA84-3954-931E-F3818C6AC5E7}
	EndProjectSection
EndProject
Project("{8BC9CEB8-8B4A-11D0-8D11-00A0C91BC942}") = "toFloat", "Half\toFloat.vcxproj", "{BEDF1DFD-2836-30C6-86FD-85116BE3BEA0}"
	ProjectSection(ProjectDependencies) = postProject
		{C301C2D7-EA84-3954-931E-F3818C6AC5E7} = {C301C2D7-EA84-3954-931E-F3818C6AC5E7}
	EndProjectSection
EndProject
Global
	GlobalSection(SolutionConfigurationPlatforms) = preSolution
		Debug|x64 = Debug|x64
		Release|x64 = Release|x64
		MinSizeRel|x64 = MinSizeRel|x64
		RelWithDebInfo|x64 = RelWithDebInfo|x64
	EndGlobalSection
	GlobalSection(ProjectConfigurationPlatforms) = postSolution
		{EC618BAE-2776-36B3-A362-0949D8617331}.Debug|x64.ActiveCfg = Debug|x64
		{EC618BAE-2776-36B3-A362-0949D8617331}.Debug|x64.Build.0 = Debug|x64
		{EC618BAE-2776-36B3-A362-0949D8617331}.Release|x64.ActiveCfg = Release|x64
		{EC618BAE-2776-36B3-A362-0949D8617331}.Release|x64.Build.0 = Release|x64
		{EC618BAE-2776-36B3-A362-0949D8617331}.MinSizeRel|x64.ActiveCfg = MinSizeRel|x64
		{EC618BAE-2776-36B3-A362-0949D8617331}.MinSizeRel|x64.Build.0 = MinSizeRel|x64
		{EC618BAE-2776-36B3-A362-0949D8617331}.RelWithDebInfo|x64.ActiveCfg = RelWithDebInfo|x64
		{EC618BAE-2776-36B3-A362-0949D8617331}.RelWithDebInfo|x64.Build.0 = RelWithDebInfo|x64
		{E4EF83F6-B9FD-3BB6-AE3E-E25399BB0377}.Debug|x64.ActiveCfg = Debug|x64
		{E4EF83F6-B9FD-3BB6-AE3E-E25399BB0377}.Debug|x64.Build.0 = Debug|x64
		{E4EF83F6-B9FD-3BB6-AE3E-E25399BB0377}.Release|x64.ActiveCfg = Release|x64
		{E4EF83F6-B9FD-3BB6-AE3E-E25399BB0377}.Release|x64.Build.0 = Release|x64
		{E4EF83F6-B9FD-3BB6-AE3E-E25399BB0377}.MinSizeRel|x64.ActiveCfg = MinSizeRel|x64
		{E4EF83F6-B9FD-3BB6-AE3E-E25399BB0377}.MinSizeRel|x64.Build.0 = MinSizeRel|x64
		{E4EF83F6-B9FD-3BB6-AE3E-E25399BB0377}.RelWithDebInfo|x64.ActiveCfg = RelWithDebInfo|x64
		{E4EF83F6-B9FD-3BB6-AE3E-E25399BB0377}.RelWithDebInfo|x64.Build.0 = RelWithDebInfo|x64
		{DFEB38D5-E4E3-3095-AD49-E6ADA743EC74}.Debug|x64.ActiveCfg = Debug|x64
		{DFEB38D5-E4E3-3095-AD49-E6ADA743EC74}.Debug|x64.Build.0 = Debug|x64
		{DFEB38D5-E4E3-3095-AD49-E6ADA743EC74}.Release|x64.ActiveCfg = Release|x64
		{DFEB38D5-E4E3-3095-AD49-E6ADA743EC74}.Release|x64.Build.0 = Release|x64
		{DFEB38D5-E4E3-3095-AD49-E6ADA743EC74}.MinSizeRel|x64.ActiveCfg = MinSizeRel|x64
		{DFEB38D5-E4E3-3095-AD49-E6ADA743EC74}.MinSizeRel|x64.Build.0 = MinSizeRel|x64
		{DFEB38D5-E4E3-3095-AD49-E6ADA743EC74}.RelWithDebInfo|x64.ActiveCfg = RelWithDebInfo|x64
		{DFEB38D5-E4E3-3095-AD49-E6ADA743EC74}.RelWithDebInfo|x64.Build.0 = RelWithDebInfo|x64
		{0B7F5739-583D-3685-BFD9-9059D3C7B973}.Debug|x64.ActiveCfg = Debug|x64
		{0B7F5739-583D-3685-BFD9-9059D3C7B973}.Release|x64.ActiveCfg = Release|x64
		{0B7F5739-583D-3685-BFD9-9059D3C7B973}.MinSizeRel|x64.ActiveCfg = MinSizeRel|x64
		{0B7F5739-583D-3685-BFD9-9059D3C7B973}.RelWithDebInfo|x64.ActiveCfg = RelWithDebInfo|x64
		{3BEE1BBF-C749-318C-9583-4A9562DD225A}.Debug|x64.ActiveCfg = Debug|x64
		{3BEE1BBF-C749-318C-9583-4A9562DD225A}.Debug|x64.Build.0 = Debug|x64
		{3BEE1BBF-C749-318C-9583-4A9562DD225A}.Release|x64.ActiveCfg = Release|x64
		{3BEE1BBF-C749-318C-9583-4A9562DD225A}.Release|x64.Build.0 = Release|x64
		{3BEE1BBF-C749-318C-9583-4A9562DD225A}.MinSizeRel|x64.ActiveCfg = MinSizeRel|x64
		{3BEE1BBF-C749-318C-9583-4A9562DD225A}.MinSizeRel|x64.Build.0 = MinSizeRel|x64
		{3BEE1BBF-C749-318C-9583-4A9562DD225A}.RelWithDebInfo|x64.ActiveCfg = RelWithDebInfo|x64
		{3BEE1BBF-C749-318C-9583-4A9562DD225A}.RelWithDebInfo|x64.Build.0 = RelWithDebInfo|x64
		{B0AA0FF7-10B0-303B-9183-A791DD30E5E6}.Debug|x64.ActiveCfg = Debug|x64
		{B0AA0FF7-10B0-303B-9183-A791DD30E5E6}.Debug|x64.Build.0 = Debug|x64
		{B0AA0FF7-10B0-303B-9183-A791DD30E5E6}.Release|x64.ActiveCfg = Release|x64
		{B0AA0FF7-10B0-303B-9183-A791DD30E5E6}.Release|x64.Build.0 = Release|x64
		{B0AA0FF7-10B0-303B-9183-A791DD30E5E6}.MinSizeRel|x64.ActiveCfg = MinSizeRel|x64
		{B0AA0FF7-10B0-303B-9183-A791DD30E5E6}.MinSizeRel|x64.Build.0 = MinSizeRel|x64
		{B0AA0FF7-10B0-303B-9183-A791DD30E5E6}.RelWithDebInfo|x64.ActiveCfg = RelWithDebInfo|x64
		{B0AA0FF7-10B0-303B-9183-A791DD30E5E6}.RelWithDebInfo|x64.Build.0 = RelWithDebInfo|x64
		{9E8084A2-B6F1-355D-9A0D-A00242CB42AA}.Debug|x64.ActiveCfg = Debug|x64
		{9E8084A2-B6F1-355D-9A0D-A00242CB42AA}.Debug|x64.Build.0 = Debug|x64
		{9E8084A2-B6F1-355D-9A0D-A00242CB42AA}.Release|x64.ActiveCfg = Release|x64
		{9E8084A2-B6F1-355D-9A0D-A00242CB42AA}.Release|x64.Build.0 = Release|x64
		{9E8084A2-B6F1-355D-9A0D-A00242CB42AA}.MinSizeRel|x64.ActiveCfg = MinSizeRel|x64
		{9E8084A2-B6F1-355D-9A0D-A00242CB42AA}.MinSizeRel|x64.Build.0 = MinSizeRel|x64
		{9E8084A2-B6F1-355D-9A0D-A00242CB42AA}.RelWithDebInfo|x64.ActiveCfg = RelWithDebInfo|x64
		{9E8084A2-B6F1-355D-9A0D-A00242CB42AA}.RelWithDebInfo|x64.Build.0 = RelWithDebInfo|x64
		{80DAB915-EA91-3AFB-AC5B-68E9AEE5A856}.Debug|x64.ActiveCfg = Debug|x64
		{80DAB915-EA91-3AFB-AC5B-68E9AEE5A856}.Debug|x64.Build.0 = Debug|x64
		{80DAB915-EA91-3AFB-AC5B-68E9AEE5A856}.Release|x64.ActiveCfg = Release|x64
		{80DAB915-EA91-3AFB-AC5B-68E9AEE5A856}.Release|x64.Build.0 = Release|x64
		{80DAB915-EA91-3AFB-AC5B-68E9AEE5A856}.MinSizeRel|x64.ActiveCfg = MinSizeRel|x64
		{80DAB915-EA91-3AFB-AC5B-68E9AEE5A856}.MinSizeRel|x64.Build.0 = MinSizeRel|x64
		{80DAB915-EA91-3AFB-AC5B-68E9AEE5A856}.RelWithDebInfo|x64.ActiveCfg = RelWithDebInfo|x64
		{80DAB915-EA91-3AFB-AC5B-68E9AEE5A856}.RelWithDebInfo|x64.Build.0 = RelWithDebInfo|x64
		{90876F8C-9E59-3717-99A7-FB8605CD783D}.Debug|x64.ActiveCfg = Debug|x64
		{90876F8C-9E59-3717-99A7-FB8605CD783D}.Debug|x64.Build.0 = Debug|x64
		{90876F8C-9E59-3717-99A7-FB8605CD783D}.Release|x64.ActiveCfg = Release|x64
		{90876F8C-9E59-3717-99A7-FB8605CD783D}.Release|x64.Build.0 = Release|x64
		{90876F8C-9E59-3717-99A7-FB8605CD783D}.MinSizeRel|x64.ActiveCfg = MinSizeRel|x64
		{90876F8C-9E59-3717-99A7-FB8605CD783D}.MinSizeRel|x64.Build.0 = MinSizeRel|x64
		{90876F8C-9E59-3717-99A7-FB8605CD783D}.RelWithDebInfo|x64.ActiveCfg = RelWithDebInfo|x64
		{90876F8C-9E59-3717-99A7-FB8605CD783D}.RelWithDebInfo|x64.Build.0 = RelWithDebInfo|x64
		{48C9FF47-1CE6-3427-9F44-8D255B9E1EAF}.Debug|x64.ActiveCfg = Debug|x64
		{48C9FF47-1CE6-3427-9F44-8D255B9E1EAF}.Debug|x64.Build.0 = Debug|x64
		{48C9FF47-1CE6-3427-9F44-8D255B9E1EAF}.Release|x64.ActiveCfg = Release|x64
		{48C9FF47-1CE6-3427-9F44-8D255B9E1EAF}.Release|x64.Build.0 = Release|x64
		{48C9FF47-1CE6-3427-9F44-8D255B9E1EAF}.MinSizeRel|x64.ActiveCfg = MinSizeRel|x64
		{48C9FF47-1CE6-3427-9F44-8D255B9E1EAF}.MinSizeRel|x64.Build.0 = MinSizeRel|x64
		{48C9FF47-1CE6-3427-9F44-8D255B9E1EAF}.RelWithDebInfo|x64.ActiveCfg = RelWithDebInfo|x64
		{48C9FF47-1CE6-3427-9F44-8D255B9E1EAF}.RelWithDebInfo|x64.Build.0 = RelWithDebInfo|x64
		{4CA5996D-D739-391F-AAFC-0A387A7EA6B5}.Debug|x64.ActiveCfg = Debug|x64
		{4CA5996D-D739-391F-AAFC-0A387A7EA6B5}.Release|x64.ActiveCfg = Release|x64
		{4CA5996D-D739-391F-AAFC-0A387A7EA6B5}.MinSizeRel|x64.ActiveCfg = MinSizeRel|x64
		{4CA5996D-D739-391F-AAFC-0A387A7EA6B5}.RelWithDebInfo|x64.ActiveCfg = RelWithDebInfo|x64
		{3EBA7E02-D7B8-39CE-AD30-DB845A4DB9E7}.Debug|x64.ActiveCfg = Debug|x64
		{3EBA7E02-D7B8-39CE-AD30-DB845A4DB9E7}.Release|x64.ActiveCfg = Release|x64
		{3EBA7E02-D7B8-39CE-AD30-DB845A4DB9E7}.MinSizeRel|x64.ActiveCfg = MinSizeRel|x64
		{3EBA7E02-D7B8-39CE-AD30-DB845A4DB9E7}.RelWithDebInfo|x64.ActiveCfg = RelWithDebInfo|x64
		{C301C2D7-EA84-3954-931E-F3818C6AC5E7}.Debug|x64.ActiveCfg = Debug|x64
		{C301C2D7-EA84-3954-931E-F3818C6AC5E7}.Debug|x64.Build.0 = Debug|x64
		{C301C2D7-EA84-3954-931E-F3818C6AC5E7}.Release|x64.ActiveCfg = Release|x64
		{C301C2D7-EA84-3954-931E-F3818C6AC5E7}.Release|x64.Build.0 = Release|x64
		{C301C2D7-EA84-3954-931E-F3818C6AC5E7}.MinSizeRel|x64.ActiveCfg = MinSizeRel|x64
		{C301C2D7-EA84-3954-931E-F3818C6AC5E7}.MinSizeRel|x64.Build.0 = MinSizeRel|x64
		{C301C2D7-EA84-3954-931E-F3818C6AC5E7}.RelWithDebInfo|x64.ActiveCfg = RelWithDebInfo|x64
		{C301C2D7-EA84-3954-931E-F3818C6AC5E7}.RelWithDebInfo|x64.Build.0 = RelWithDebInfo|x64
		{B12E9ED1-38EE-3E45-859B-0AD546BDA7BF}.Debug|x64.ActiveCfg = Debug|x64
		{B12E9ED1-38EE-3E45-859B-0AD546BDA7BF}.Debug|x64.Build.0 = Debug|x64
		{B12E9ED1-38EE-3E45-859B-0AD546BDA7BF}.Release|x64.ActiveCfg = Release|x64
		{B12E9ED1-38EE-3E45-859B-0AD546BDA7BF}.Release|x64.Build.0 = Release|x64
		{B12E9ED1-38EE-3E45-859B-0AD546BDA7BF}.MinSizeRel|x64.ActiveCfg = MinSizeRel|x64
		{B12E9ED1-38EE-3E45-859B-0AD546BDA7BF}.MinSizeRel|x64.Build.0 = MinSizeRel|x64
		{B12E9ED1-38EE-3E45-859B-0AD546BDA7BF}.RelWithDebInfo|x64.ActiveCfg = RelWithDebInfo|x64
		{B12E9ED1-38EE-3E45-859B-0AD546BDA7BF}.RelWithDebInfo|x64.Build.0 = RelWithDebInfo|x64
		{BEDF1DFD-2836-30C6-86FD-85116BE3BEA0}.Debug|x64.ActiveCfg = Debug|x64
		{BEDF1DFD-2836-30C6-86FD-85116BE3BEA0}.Debug|x64.Build.0 = Debug|x64
		{BEDF1DFD-2836-30C6-86FD-85116BE3BEA0}.Release|x64.ActiveCfg = Release|x64
		{BEDF1DFD-2836-30C6-86FD-85116BE3BEA0}.Release|x64.Build.0 = Release|x64
		{BEDF1DFD-2836-30C6-86FD-85116BE3BEA0}.MinSizeRel|x64.ActiveCfg = MinSizeRel|x64
		{BEDF1DFD-2836-30C6-86FD-85116BE3BEA0}.MinSizeRel|x64.Build.0 = MinSizeRel|x64
		{BEDF1DFD-2836-30C6-86FD-85116BE3BEA0}.RelWithDebInfo|x64.ActiveCfg = RelWithDebInfo|x64
		{BEDF1DFD-2836-30C6-86FD-85116BE3BEA0}.RelWithDebInfo|x64.Build.0 = RelWithDebInfo|x64
	EndGlobalSection
	GlobalSection(ExtensibilityGlobals) = postSolution
	EndGlobalSection
	GlobalSection(ExtensibilityAddIns) = postSolution
	EndGlobalSection
EndGlobal
