Microsoft Visual Studio Solution File, Format Version 11.00
# Visual Studio 2010
Project("{8BC9CEB8-8B4A-11D0-8D11-00A0C91BC942}") = "ALL_BUILD", "ALL_BUILD.vcxproj", "{9A28C356-E549-3B61-8F08-2CFCA2F65B40}"
	ProjectSection(ProjectDependencies) = postProject
		{49BB15D1-9FBA-3F37-B667-B31FD513E122} = {49BB15D1-9FBA-3F37-B667-B31FD513E122}
		{457D56C1-C879-36EC-80E0-2D4BD4B752F7} = {457D56C1-C879-36EC-80E0-2D4BD4B752F7}
		{5563A1CF-2C2D-3365-86F6-2C3B38B49BC6} = {5563A1CF-2C2D-3365-86F6-2C3B38B49BC6}
		{A93C4500-10E4-39F9-93BD-642A8E7B5D57} = {A93C4500-10E4-39F9-93BD-642A8E7B5D57}
		{FBFA8406-7264-3AA3-A444-95A825B6D1C9} = {FBFA8406-7264-3AA3-A444-95A825B6D1C9}
	EndProjectSection
EndProject
Project("{8BC9CEB8-8B4A-11D0-8D11-00A0C91BC942}") = "INSTALL", "INSTALL.vcxproj", "{263C8D09-FB12-3ED0-AAA0-FBE4303C9B7B}"
	ProjectSection(ProjectDependencies) = postProject
		{9A28C356-E549-3B61-8F08-2CFCA2F65B40} = {9A28C356-E549-3B61-8F08-2CFCA2F65B40}
		{49BB15D1-9FBA-3F37-B667-B31FD513E122} = {49BB15D1-9FBA-3F37-B667-B31FD513E122}
	EndProjectSection
EndProject
Project("{8BC9CEB8-8B4A-11D0-8D11-00A0C91BC942}") = "RUN_TESTS", "RUN_TESTS.vcxproj", "{4E044657-0E51-34DC-A3FF-26E1A18E63EB}"
	ProjectSection(ProjectDependencies) = postProject
		{49BB15D1-9FBA-3F37-B667-B31FD513E122} = {49BB15D1-9FBA-3F37-B667-B31FD513E122}
	EndProjectSection
EndProject
Project("{8BC9CEB8-8B4A-11D0-8D11-00A0C91BC942}") = "ZERO_CHECK", "ZERO_CHECK.vcxproj", "{49BB15D1-9FBA-3F37-B667-B31FD513E122}"
	ProjectSection(ProjectDependencies) = postProject
	EndProjectSection
EndProject
Project("{8BC9CEB8-8B4A-11D0-8D11-00A0C91BC942}") = "example", "example.vcxproj", "{457D56C1-C879-36EC-80E0-2D4BD4B752F7}"
	ProjectSection(ProjectDependencies) = postProject
		{49BB15D1-9FBA-3F37-B667-B31FD513E122} = {49BB15D1-9FBA-3F37-B667-B31FD513E122}
		{A93C4500-10E4-39F9-93BD-642A8E7B5D57} = {A93C4500-10E4-39F9-93BD-642A8E7B5D57}
	EndProjectSection
EndProject
Project("{8BC9CEB8-8B4A-11D0-8D11-00A0C91BC942}") = "minigzip", "minigzip.vcxproj", "{5563A1CF-2C2D-3365-86F6-2C3B38B49BC6}"
	ProjectSection(ProjectDependencies) = postProject
		{49BB15D1-9FBA-3F37-B667-B31FD513E122} = {49BB15D1-9FBA-3F37-B667-B31FD513E122}
		{A93C4500-10E4-39F9-93BD-642A8E7B5D57} = {A93C4500-10E4-39F9-93BD-642A8E7B5D57}
	EndProjectSection
EndProject
Project("{8BC9CEB8-8B4A-11D0-8D11-00A0C91BC942}") = "zlib", "zlib.vcxproj", "{A93C4500-10E4-39F9-93BD-642A8E7B5D57}"
	ProjectSection(ProjectDependencies) = postProject
		{49BB15D1-9FBA-3F37-B667-B31FD513E122} = {49BB15D1-9FBA-3F37-B667-B31FD513E122}
	EndProjectSection
EndProject
Project("{8BC9CEB8-8B4A-11D0-8D11-00A0C91BC942}") = "zlibstatic", "zlibstatic.vcxproj", "{FBFA8406-7264-3AA3-A444-95A825B6D1C9}"
	ProjectSection(ProjectDependencies) = postProject
		{49BB15D1-9FBA-3F37-B667-B31FD513E122} = {49BB15D1-9FBA-3F37-B667-B31FD513E122}
	EndProjectSection
EndProject
Global
	GlobalSection(SolutionConfigurationPlatforms) = preSolution
		Debug|Win32 = Debug|Win32
		Release|Win32 = Release|Win32
		MinSizeRel|Win32 = MinSizeRel|Win32
		RelWithDebInfo|Win32 = RelWithDebInfo|Win32
	EndGlobalSection
	GlobalSection(ProjectConfigurationPlatforms) = postSolution
		{9A28C356-E549-3B61-8F08-2CFCA2F65B40}.Debug|Win32.ActiveCfg = Debug|Win32
		{9A28C356-E549-3B61-8F08-2CFCA2F65B40}.Debug|Win32.Build.0 = Debug|Win32
		{9A28C356-E549-3B61-8F08-2CFCA2F65B40}.Release|Win32.ActiveCfg = Release|Win32
		{9A28C356-E549-3B61-8F08-2CFCA2F65B40}.Release|Win32.Build.0 = Release|Win32
		{9A28C356-E549-3B61-8F08-2CFCA2F65B40}.MinSizeRel|Win32.ActiveCfg = MinSizeRel|Win32
		{9A28C356-E549-3B61-8F08-2CFCA2F65B40}.MinSizeRel|Win32.Build.0 = MinSizeRel|Win32
		{9A28C356-E549-3B61-8F08-2CFCA2F65B40}.RelWithDebInfo|Win32.ActiveCfg = RelWithDebInfo|Win32
		{9A28C356-E549-3B61-8F08-2CFCA2F65B40}.RelWithDebInfo|Win32.Build.0 = RelWithDebInfo|Win32
		{263C8D09-FB12-3ED0-AAA0-FBE4303C9B7B}.Debug|Win32.ActiveCfg = Debug|Win32
		{263C8D09-FB12-3ED0-AAA0-FBE4303C9B7B}.Release|Win32.ActiveCfg = Release|Win32
		{263C8D09-FB12-3ED0-AAA0-FBE4303C9B7B}.MinSizeRel|Win32.ActiveCfg = MinSizeRel|Win32
		{263C8D09-FB12-3ED0-AAA0-FBE4303C9B7B}.RelWithDebInfo|Win32.ActiveCfg = RelWithDebInfo|Win32
		{4E044657-0E51-34DC-A3FF-26E1A18E63EB}.Debug|Win32.ActiveCfg = Debug|Win32
		{4E044657-0E51-34DC-A3FF-26E1A18E63EB}.Release|Win32.ActiveCfg = Release|Win32
		{4E044657-0E51-34DC-A3FF-26E1A18E63EB}.MinSizeRel|Win32.ActiveCfg = MinSizeRel|Win32
		{4E044657-0E51-34DC-A3FF-26E1A18E63EB}.RelWithDebInfo|Win32.ActiveCfg = RelWithDebInfo|Win32
		{49BB15D1-9FBA-3F37-B667-B31FD513E122}.Debug|Win32.ActiveCfg = Debug|Win32
		{49BB15D1-9FBA-3F37-B667-B31FD513E122}.Debug|Win32.Build.0 = Debug|Win32
		{49BB15D1-9FBA-3F37-B667-B31FD513E122}.Release|Win32.ActiveCfg = Release|Win32
		{49BB15D1-9FBA-3F37-B667-B31FD513E122}.Release|Win32.Build.0 = Release|Win32
		{49BB15D1-9FBA-3F37-B667-B31FD513E122}.MinSizeRel|Win32.ActiveCfg = MinSizeRel|Win32
		{49BB15D1-9FBA-3F37-B667-B31FD513E122}.MinSizeRel|Win32.Build.0 = MinSizeRel|Win32
		{49BB15D1-9FBA-3F37-B667-B31FD513E122}.RelWithDebInfo|Win32.ActiveCfg = RelWithDebInfo|Win32
		{49BB15D1-9FBA-3F37-B667-B31FD513E122}.RelWithDebInfo|Win32.Build.0 = RelWithDebInfo|Win32
		{457D56C1-C879-36EC-80E0-2D4BD4B752F7}.Debug|Win32.ActiveCfg = Debug|Win32
		{457D56C1-C879-36EC-80E0-2D4BD4B752F7}.Debug|Win32.Build.0 = Debug|Win32
		{457D56C1-C879-36EC-80E0-2D4BD4B752F7}.Release|Win32.ActiveCfg = Release|Win32
		{457D56C1-C879-36EC-80E0-2D4BD4B752F7}.Release|Win32.Build.0 = Release|Win32
		{457D56C1-C879-36EC-80E0-2D4BD4B752F7}.MinSizeRel|Win32.ActiveCfg = MinSizeRel|Win32
		{457D56C1-C879-36EC-80E0-2D4BD4B752F7}.MinSizeRel|Win32.Build.0 = MinSizeRel|Win32
		{457D56C1-C879-36EC-80E0-2D4BD4B752F7}.RelWithDebInfo|Win32.ActiveCfg = RelWithDebInfo|Win32
		{457D56C1-C879-36EC-80E0-2D4BD4B752F7}.RelWithDebInfo|Win32.Build.0 = RelWithDebInfo|Win32
		{5563A1CF-2C2D-3365-86F6-2C3B38B49BC6}.Debug|Win32.ActiveCfg = Debug|Win32
		{5563A1CF-2C2D-3365-86F6-2C3B38B49BC6}.Debug|Win32.Build.0 = Debug|Win32
		{5563A1CF-2C2D-3365-86F6-2C3B38B49BC6}.Release|Win32.ActiveCfg = Release|Win32
		{5563A1CF-2C2D-3365-86F6-2C3B38B49BC6}.Release|Win32.Build.0 = Release|Win32
		{5563A1CF-2C2D-3365-86F6-2C3B38B49BC6}.MinSizeRel|Win32.ActiveCfg = MinSizeRel|Win32
		{5563A1CF-2C2D-3365-86F6-2C3B38B49BC6}.MinSizeRel|Win32.Build.0 = MinSizeRel|Win32
		{5563A1CF-2C2D-3365-86F6-2C3B38B49BC6}.RelWithDebInfo|Win32.ActiveCfg = RelWithDebInfo|Win32
		{5563A1CF-2C2D-3365-86F6-2C3B38B49BC6}.RelWithDebInfo|Win32.Build.0 = RelWithDebInfo|Win32
		{A93C4500-10E4-39F9-93BD-642A8E7B5D57}.Debug|Win32.ActiveCfg = Debug|Win32
		{A93C4500-10E4-39F9-93BD-642A8E7B5D57}.Debug|Win32.Build.0 = Debug|Win32
		{A93C4500-10E4-39F9-93BD-642A8E7B5D57}.Release|Win32.ActiveCfg = Release|Win32
		{A93C4500-10E4-39F9-93BD-642A8E7B5D57}.Release|Win32.Build.0 = Release|Win32
		{A93C4500-10E4-39F9-93BD-642A8E7B5D57}.MinSizeRel|Win32.ActiveCfg = MinSizeRel|Win32
		{A93C4500-10E4-39F9-93BD-642A8E7B5D57}.MinSizeRel|Win32.Build.0 = MinSizeRel|Win32
		{A93C4500-10E4-39F9-93BD-642A8E7B5D57}.RelWithDebInfo|Win32.ActiveCfg = RelWithDebInfo|Win32
		{A93C4500-10E4-39F9-93BD-642A8E7B5D57}.RelWithDebInfo|Win32.Build.0 = RelWithDebInfo|Win32
		{FBFA8406-7264-3AA3-A444-95A825B6D1C9}.Debug|Win32.ActiveCfg = Debug|Win32
		{FBFA8406-7264-3AA3-A444-95A825B6D1C9}.Debug|Win32.Build.0 = Debug|Win32
		{FBFA8406-7264-3AA3-A444-95A825B6D1C9}.Release|Win32.ActiveCfg = Release|Win32
		{FBFA8406-7264-3AA3-A444-95A825B6D1C9}.Release|Win32.Build.0 = Release|Win32
		{FBFA8406-7264-3AA3-A444-95A825B6D1C9}.MinSizeRel|Win32.ActiveCfg = MinSizeRel|Win32
		{FBFA8406-7264-3AA3-A444-95A825B6D1C9}.MinSizeRel|Win32.Build.0 = MinSizeRel|Win32
		{FBFA8406-7264-3AA3-A444-95A825B6D1C9}.RelWithDebInfo|Win32.ActiveCfg = RelWithDebInfo|Win32
		{FBFA8406-7264-3AA3-A444-95A825B6D1C9}.RelWithDebInfo|Win32.Build.0 = RelWithDebInfo|Win32
	EndGlobalSection
	GlobalSection(ExtensibilityGlobals) = postSolution
	EndGlobalSection
	GlobalSection(ExtensibilityAddIns) = postSolution
	EndGlobalSection
EndGlobal
