<?xml version="1.0" encoding="UTF-8"?>
<Project ToolsVersion="4.0" xmlns="http://schemas.microsoft.com/developer/msbuild/2003">
  <ItemGroup>
    <ClCompile Include="main.cpp">
      <Filter>Source Files</Filter>
    </ClCompile>
    <ClCompile Include="testBox.cpp">
      <Filter>Source Files</Filter>
    </ClCompile>
    <ClCompile Include="testBoxAlgo.cpp">
      <Filter>Source Files</Filter>
    </ClCompile>
    <ClCompile Include="testColor.cpp">
      <Filter>Source Files</Filter>
    </ClCompile>
    <ClCompile Include="testExtractEuler.cpp">
      <Filter>Source Files</Filter>
    </ClCompile>
    <ClCompile Include="testExtractSHRT.cpp">
      <Filter>Source Files</Filter>
    </ClCompile>
    <ClCompile Include="testFrustum.cpp">
      <Filter>Source Files</Filter>
    </ClCompile>
    <ClCompile Include="testFrustumTest.cpp">
      <Filter>Source Files</Filter>
    </ClCompile>
    <ClCompile Include="testFun.cpp">
      <Filter>Source Files</Filter>
    </ClCompile>
    <ClCompile Include="testInvert.cpp">
      <Filter>Source Files</Filter>
    </ClCompile>
    <ClCompile Include="testJacobiEigenSolver.cpp">
      <Filter>Source Files</Filter>
    </ClCompile>
    <ClCompile Include="testLineAlgo.cpp">
      <Filter>Source Files</Filter>
    </ClCompile>
    <ClCompile Include="testMatrix.cpp">
      <Filter>Source Files</Filter>
    </ClCompile>
    <ClCompile Include="testMiscMatrixAlgo.cpp">
      <Filter>Source Files</Filter>
    </ClCompile>
    <ClCompile Include="testProcrustes.cpp">
      <Filter>Source Files</Filter>
    </ClCompile>
    <ClCompile Include="testQuat.cpp">
      <Filter>Source Files</Filter>
    </ClCompile>
    <ClCompile Include="testQuatSetRotation.cpp">
      <Filter>Source Files</Filter>
    </ClCompile>
    <ClCompile Include="testQuatSlerp.cpp">
      <Filter>Source Files</Filter>
    </ClCompile>
    <ClCompile Include="testRandom.cpp">
      <Filter>Source Files</Filter>
    </ClCompile>
    <ClCompile Include="testRoots.cpp">
      <Filter>Source Files</Filter>
    </ClCompile>
    <ClCompile Include="testShear.cpp">
      <Filter>Source Files</Filter>
    </ClCompile>
    <ClCompile Include="testTinySVD.cpp">
      <Filter>Source Files</Filter>
    </ClCompile>
    <ClCompile Include="testVec.cpp">
      <Filter>Source Files</Filter>
    </ClCompile>
  </ItemGroup>
  <ItemGroup>
    <CustomBuild Include="CMakeLists.txt" />
  </ItemGroup>
  <ItemGroup>
    <Filter Include="Source Files">
      <UniqueIdentifier>{BB36CA96-AC17-3722-9BAD-2B17020DC226}</UniqueIdentifier>
    </Filter>
  </ItemGroup>
</Project>
