Microsoft Visual Studio Solution File, Format Version 11.00
# Visual Studio 2010
Project("{8BC9CEB8-8B4A-11D0-8D11-00A0C91BC942}") = "ALL_BUILD", "ALL_BUILD.vcxproj", "{E0B8B0FD-8570-3A7E-83EC-DAEC7080D324}"
	ProjectSection(ProjectDependencies) = postProject
		{A260C968-5C6B-3DF2-BC58-FED2A09E2AD8} = {A260C968-5C6B-3DF2-BC58-FED2A09E2AD8}
		{28F80699-58E5-35D1-8C38-B4067E9D7C71} = {28F80699-58E5-35D1-8C38-B4067E9D7C71}
		{804DB37B-1BEF-379A-A8C3-BB926EABB2CF} = {804DB37B-1BEF-379A-A8C3-BB926EABB2CF}
		{1FAC49FA-7484-3368-BB9A-36E0CD372CE9} = {1FAC49FA-7484-3368-BB9A-36E0CD372CE9}
		{47100D81-79DA-31B1-8D16-6F47F3A5DAB2} = {47100D81-79DA-31B1-8D16-6F47F3A5DAB2}
		{838DCA7B-3A4F-3A42-95A4-BFE9291F4488} = {838DCA7B-3A4F-3A42-95A4-BFE9291F4488}
		{2B4DB550-EED0-36D8-AC23-46A99597642A} = {2B4DB550-EED0-36D8-AC23-46A99597642A}
		{F632A379-03E4-3B11-96B7-77678E13DB26} = {F632A379-03E4-3B11-96B7-77678E13DB26}
		{5477268A-35F6-384C-85AF-54CE73ABF9F4} = {5477268A-35F6-384C-85AF-54CE73ABF9F4}
		{6101AA84-97C2-3A0B-B5EB-6E2750BF3137} = {6101AA84-97C2-3A0B-B5EB-6E2750BF3137}
		{A0387E37-E5F0-3487-8C09-CC4DAA73325C} = {A0387E37-E5F0-3487-8C09-CC4DAA73325C}
	EndProjectSection
EndProject
Project("{8BC9CEB8-8B4A-11D0-8D11-00A0C91BC942}") = "Half", "Half\Half.vcxproj", "{A260C968-5C6B-3DF2-BC58-FED2A09E2AD8}"
	ProjectSection(ProjectDependencies) = postProject
		{5477268A-35F6-384C-85AF-54CE73ABF9F4} = {5477268A-35F6-384C-85AF-54CE73ABF9F4}
		{6101AA84-97C2-3A0B-B5EB-6E2750BF3137} = {6101AA84-97C2-3A0B-B5EB-6E2750BF3137}
		{A0387E37-E5F0-3487-8C09-CC4DAA73325C} = {A0387E37-E5F0-3487-8C09-CC4DAA73325C}
	EndProjectSection
EndProject
Project("{8BC9CEB8-8B4A-11D0-8D11-00A0C91BC942}") = "HalfTest", "HalfTest\HalfTest.vcxproj", "{28F80699-58E5-35D1-8C38-B4067E9D7C71}"
	ProjectSection(ProjectDependencies) = postProject
		{A260C968-5C6B-3DF2-BC58-FED2A09E2AD8} = {A260C968-5C6B-3DF2-BC58-FED2A09E2AD8}
		{5477268A-35F6-384C-85AF-54CE73ABF9F4} = {5477268A-35F6-384C-85AF-54CE73ABF9F4}
	EndProjectSection
EndProject
Project("{8BC9CEB8-8B4A-11D0-8D11-00A0C91BC942}") = "INSTALL", "INSTALL.vcxproj", "{A07A72F4-2CDA-3C0E-8B74-7CAE03C78189}"
	ProjectSection(ProjectDependencies) = postProject
		{E0B8B0FD-8570-3A7E-83EC-DAEC7080D324} = {E0B8B0FD-8570-3A7E-83EC-DAEC7080D324}
		{5477268A-35F6-384C-85AF-54CE73ABF9F4} = {5477268A-35F6-384C-85AF-54CE73ABF9F4}
	EndProjectSection
EndProject
Project("{8BC9CEB8-8B4A-11D0-8D11-00A0C91BC942}") = "Iex", "Iex\Iex.vcxproj", "{804DB37B-1BEF-379A-A8C3-BB926EABB2CF}"
	ProjectSection(ProjectDependencies) = postProject
		{5477268A-35F6-384C-85AF-54CE73ABF9F4} = {5477268A-35F6-384C-85AF-54CE73ABF9F4}
	EndProjectSection
EndProject
Project("{8BC9CEB8-8B4A-11D0-8D11-00A0C91BC942}") = "IexMath", "IexMath\IexMath.vcxproj", "{1FAC49FA-7484-3368-BB9A-36E0CD372CE9}"
	ProjectSection(ProjectDependencies) = postProject
		{804DB37B-1BEF-379A-A8C3-BB926EABB2CF} = {804DB37B-1BEF-379A-A8C3-BB926EABB2CF}
		{5477268A-35F6-384C-85AF-54CE73ABF9F4} = {5477268A-35F6-384C-85AF-54CE73ABF9F4}
	EndProjectSection
EndProject
Project("{8BC9CEB8-8B4A-11D0-8D11-00A0C91BC942}") = "IexTest", "IexTest\IexTest.vcxproj", "{47100D81-79DA-31B1-8D16-6F47F3A5DAB2}"
	ProjectSection(ProjectDependencies) = postProject
		{804DB37B-1BEF-379A-A8C3-BB926EABB2CF} = {804DB37B-1BEF-379A-A8C3-BB926EABB2CF}
		{5477268A-35F6-384C-85AF-54CE73ABF9F4} = {5477268A-35F6-384C-85AF-54CE73ABF9F4}
	EndProjectSection
EndProject
Project("{8BC9CEB8-8B4A-11D0-8D11-00A0C91BC942}") = "IlmThread", "IlmThread\IlmThread.vcxproj", "{838DCA7B-3A4F-3A42-95A4-BFE9291F4488}"
	ProjectSection(ProjectDependencies) = postProject
		{804DB37B-1BEF-379A-A8C3-BB926EABB2CF} = {804DB37B-1BEF-379A-A8C3-BB926EABB2CF}
		{5477268A-35F6-384C-85AF-54CE73ABF9F4} = {5477268A-35F6-384C-85AF-54CE73ABF9F4}
	EndProjectSection
EndProject
Project("{8BC9CEB8-8B4A-11D0-8D11-00A0C91BC942}") = "Imath", "Imath\Imath.vcxproj", "{2B4DB550-EED0-36D8-AC23-46A99597642A}"
	ProjectSection(ProjectDependencies) = postProject
		{804DB37B-1BEF-379A-A8C3-BB926EABB2CF} = {804DB37B-1BEF-379A-A8C3-BB926EABB2CF}
		{5477268A-35F6-384C-85AF-54CE73ABF9F4} = {5477268A-35F6-384C-85AF-54CE73ABF9F4}
	EndProjectSection
EndProject
Project("{8BC9CEB8-8B4A-11D0-8D11-00A0C91BC942}") = "ImathTest", "ImathTest\ImathTest.vcxproj", "{F632A379-03E4-3B11-96B7-77678E13DB26}"
	ProjectSection(ProjectDependencies) = postProject
		{804DB37B-1BEF-379A-A8C3-BB926EABB2CF} = {804DB37B-1BEF-379A-A8C3-BB926EABB2CF}
		{2B4DB550-EED0-36D8-AC23-46A99597642A} = {2B4DB550-EED0-36D8-AC23-46A99597642A}
		{5477268A-35F6-384C-85AF-54CE73ABF9F4} = {5477268A-35F6-384C-85AF-54CE73ABF9F4}
	EndProjectSection
EndProject
Project("{8BC9CEB8-8B4A-11D0-8D11-00A0C91BC942}") = "PACKAGE", "PACKAGE.vcxproj", "{13C87D62-E346-3A5B-9E82-5228CCAC7DF6}"
	ProjectSection(ProjectDependencies) = postProject
		{E0B8B0FD-8570-3A7E-83EC-DAEC7080D324} = {E0B8B0FD-8570-3A7E-83EC-DAEC7080D324}
		{5477268A-35F6-384C-85AF-54CE73ABF9F4} = {5477268A-35F6-384C-85AF-54CE73ABF9F4}
	EndProjectSection
EndProject
Project("{8BC9CEB8-8B4A-11D0-8D11-00A0C91BC942}") = "RUN_TESTS", "RUN_TESTS.vcxproj", "{516D940F-A960-3352-BB44-AE607D5E16C7}"
	ProjectSection(ProjectDependencies) = postProject
		{5477268A-35F6-384C-85AF-54CE73ABF9F4} = {5477268A-35F6-384C-85AF-54CE73ABF9F4}
	EndProjectSection
EndProject
Project("{8BC9CEB8-8B4A-11D0-8D11-00A0C91BC942}") = "ZERO_CHECK", "ZERO_CHECK.vcxproj", "{5477268A-35F6-384C-85AF-54CE73ABF9F4}"
	ProjectSection(ProjectDependencies) = postProject
	EndProjectSection
EndProject
Project("{8BC9CEB8-8B4A-11D0-8D11-00A0C91BC942}") = "eLut", "Half\eLut.vcxproj", "{6101AA84-97C2-3A0B-B5EB-6E2750BF3137}"
	ProjectSection(ProjectDependencies) = postProject
		{5477268A-35F6-384C-85AF-54CE73ABF9F4} = {5477268A-35F6-384C-85AF-54CE73ABF9F4}
	EndProjectSection
EndProject
Project("{8BC9CEB8-8B4A-11D0-8D11-00A0C91BC942}") = "toFloat", "Half\toFloat.vcxproj", "{A0387E37-E5F0-3487-8C09-CC4DAA73325C}"
	ProjectSection(ProjectDependencies) = postProject
		{5477268A-35F6-384C-85AF-54CE73ABF9F4} = {5477268A-35F6-384C-85AF-54CE73ABF9F4}
	EndProjectSection
EndProject
Global
	GlobalSection(SolutionConfigurationPlatforms) = preSolution
		Debug|Win32 = Debug|Win32
		Release|Win32 = Release|Win32
		MinSizeRel|Win32 = MinSizeRel|Win32
		RelWithDebInfo|Win32 = RelWithDebInfo|Win32
	EndGlobalSection
	GlobalSection(ProjectConfigurationPlatforms) = postSolution
		{E0B8B0FD-8570-3A7E-83EC-DAEC7080D324}.Debug|Win32.ActiveCfg = Debug|Win32
		{E0B8B0FD-8570-3A7E-83EC-DAEC7080D324}.Debug|Win32.Build.0 = Debug|Win32
		{E0B8B0FD-8570-3A7E-83EC-DAEC7080D324}.Release|Win32.ActiveCfg = Release|Win32
		{E0B8B0FD-8570-3A7E-83EC-DAEC7080D324}.Release|Win32.Build.0 = Release|Win32
		{E0B8B0FD-8570-3A7E-83EC-DAEC7080D324}.MinSizeRel|Win32.ActiveCfg = MinSizeRel|Win32
		{E0B8B0FD-8570-3A7E-83EC-DAEC7080D324}.MinSizeRel|Win32.Build.0 = MinSizeRel|Win32
		{E0B8B0FD-8570-3A7E-83EC-DAEC7080D324}.RelWithDebInfo|Win32.ActiveCfg = RelWithDebInfo|Win32
		{E0B8B0FD-8570-3A7E-83EC-DAEC7080D324}.RelWithDebInfo|Win32.Build.0 = RelWithDebInfo|Win32
		{A260C968-5C6B-3DF2-BC58-FED2A09E2AD8}.Debug|Win32.ActiveCfg = Debug|Win32
		{A260C968-5C6B-3DF2-BC58-FED2A09E2AD8}.Debug|Win32.Build.0 = Debug|Win32
		{A260C968-5C6B-3DF2-BC58-FED2A09E2AD8}.Release|Win32.ActiveCfg = Release|Win32
		{A260C968-5C6B-3DF2-BC58-FED2A09E2AD8}.Release|Win32.Build.0 = Release|Win32
		{A260C968-5C6B-3DF2-BC58-FED2A09E2AD8}.MinSizeRel|Win32.ActiveCfg = MinSizeRel|Win32
		{A260C968-5C6B-3DF2-BC58-FED2A09E2AD8}.MinSizeRel|Win32.Build.0 = MinSizeRel|Win32
		{A260C968-5C6B-3DF2-BC58-FED2A09E2AD8}.RelWithDebInfo|Win32.ActiveCfg = RelWithDebInfo|Win32
		{A260C968-5C6B-3DF2-BC58-FED2A09E2AD8}.RelWithDebInfo|Win32.Build.0 = RelWithDebInfo|Win32
		{28F80699-58E5-35D1-8C38-B4067E9D7C71}.Debug|Win32.ActiveCfg = Debug|Win32
		{28F80699-58E5-35D1-8C38-B4067E9D7C71}.Debug|Win32.Build.0 = Debug|Win32
		{28F80699-58E5-35D1-8C38-B4067E9D7C71}.Release|Win32.ActiveCfg = Release|Win32
		{28F80699-58E5-35D1-8C38-B4067E9D7C71}.Release|Win32.Build.0 = Release|Win32
		{28F80699-58E5-35D1-8C38-B4067E9D7C71}.MinSizeRel|Win32.ActiveCfg = MinSizeRel|Win32
		{28F80699-58E5-35D1-8C38-B4067E9D7C71}.MinSizeRel|Win32.Build.0 = MinSizeRel|Win32
		{28F80699-58E5-35D1-8C38-B4067E9D7C71}.RelWithDebInfo|Win32.ActiveCfg = RelWithDebInfo|Win32
		{28F80699-58E5-35D1-8C38-B4067E9D7C71}.RelWithDebInfo|Win32.Build.0 = RelWithDebInfo|Win32
		{A07A72F4-2CDA-3C0E-8B74-7CAE03C78189}.Debug|Win32.ActiveCfg = Debug|Win32
		{A07A72F4-2CDA-3C0E-8B74-7CAE03C78189}.Release|Win32.ActiveCfg = Release|Win32
		{A07A72F4-2CDA-3C0E-8B74-7CAE03C78189}.MinSizeRel|Win32.ActiveCfg = MinSizeRel|Win32
		{A07A72F4-2CDA-3C0E-8B74-7CAE03C78189}.RelWithDebInfo|Win32.ActiveCfg = RelWithDebInfo|Win32
		{804DB37B-1BEF-379A-A8C3-BB926EABB2CF}.Debug|Win32.ActiveCfg = Debug|Win32
		{804DB37B-1BEF-379A-A8C3-BB926EABB2CF}.Debug|Win32.Build.0 = Debug|Win32
		{804DB37B-1BEF-379A-A8C3-BB926EABB2CF}.Release|Win32.ActiveCfg = Release|Win32
		{804DB37B-1BEF-379A-A8C3-BB926EABB2CF}.Release|Win32.Build.0 = Release|Win32
		{804DB37B-1BEF-379A-A8C3-BB926EABB2CF}.MinSizeRel|Win32.ActiveCfg = MinSizeRel|Win32
		{804DB37B-1BEF-379A-A8C3-BB926EABB2CF}.MinSizeRel|Win32.Build.0 = MinSizeRel|Win32
		{804DB37B-1BEF-379A-A8C3-BB926EABB2CF}.RelWithDebInfo|Win32.ActiveCfg = RelWithDebInfo|Win32
		{804DB37B-1BEF-379A-A8C3-BB926EABB2CF}.RelWithDebInfo|Win32.Build.0 = RelWithDebInfo|Win32
		{1FAC49FA-7484-3368-BB9A-36E0CD372CE9}.Debug|Win32.ActiveCfg = Debug|Win32
		{1FAC49FA-7484-3368-BB9A-36E0CD372CE9}.Debug|Win32.Build.0 = Debug|Win32
		{1FAC49FA-7484-3368-BB9A-36E0CD372CE9}.Release|Win32.ActiveCfg = Release|Win32
		{1FAC49FA-7484-3368-BB9A-36E0CD372CE9}.Release|Win32.Build.0 = Release|Win32
		{1FAC49FA-7484-3368-BB9A-36E0CD372CE9}.MinSizeRel|Win32.ActiveCfg = MinSizeRel|Win32
		{1FAC49FA-7484-3368-BB9A-36E0CD372CE9}.MinSizeRel|Win32.Build.0 = MinSizeRel|Win32
		{1FAC49FA-7484-3368-BB9A-36E0CD372CE9}.RelWithDebInfo|Win32.ActiveCfg = RelWithDebInfo|Win32
		{1FAC49FA-7484-3368-BB9A-36E0CD372CE9}.RelWithDebInfo|Win32.Build.0 = RelWithDebInfo|Win32
		{47100D81-79DA-31B1-8D16-6F47F3A5DAB2}.Debug|Win32.ActiveCfg = Debug|Win32
		{47100D81-79DA-31B1-8D16-6F47F3A5DAB2}.Debug|Win32.Build.0 = Debug|Win32
		{47100D81-79DA-31B1-8D16-6F47F3A5DAB2}.Release|Win32.ActiveCfg = Release|Win32
		{47100D81-79DA-31B1-8D16-6F47F3A5DAB2}.Release|Win32.Build.0 = Release|Win32
		{47100D81-79DA-31B1-8D16-6F47F3A5DAB2}.MinSizeRel|Win32.ActiveCfg = MinSizeRel|Win32
		{47100D81-79DA-31B1-8D16-6F47F3A5DAB2}.MinSizeRel|Win32.Build.0 = MinSizeRel|Win32
		{47100D81-79DA-31B1-8D16-6F47F3A5DAB2}.RelWithDebInfo|Win32.ActiveCfg = RelWithDebInfo|Win32
		{47100D81-79DA-31B1-8D16-6F47F3A5DAB2}.RelWithDebInfo|Win32.Build.0 = RelWithDebInfo|Win32
		{838DCA7B-3A4F-3A42-95A4-BFE9291F4488}.Debug|Win32.ActiveCfg = Debug|Win32
		{838DCA7B-3A4F-3A42-95A4-BFE9291F4488}.Debug|Win32.Build.0 = Debug|Win32
		{838DCA7B-3A4F-3A42-95A4-BFE9291F4488}.Release|Win32.ActiveCfg = Release|Win32
		{838DCA7B-3A4F-3A42-95A4-BFE9291F4488}.Release|Win32.Build.0 = Release|Win32
		{838DCA7B-3A4F-3A42-95A4-BFE9291F4488}.MinSizeRel|Win32.ActiveCfg = MinSizeRel|Win32
		{838DCA7B-3A4F-3A42-95A4-BFE9291F4488}.MinSizeRel|Win32.Build.0 = MinSizeRel|Win32
		{838DCA7B-3A4F-3A42-95A4-BFE9291F4488}.RelWithDebInfo|Win32.ActiveCfg = RelWithDebInfo|Win32
		{838DCA7B-3A4F-3A42-95A4-BFE9291F4488}.RelWithDebInfo|Win32.Build.0 = RelWithDebInfo|Win32
		{2B4DB550-EED0-36D8-AC23-46A99597642A}.Debug|Win32.ActiveCfg = Debug|Win32
		{2B4DB550-EED0-36D8-AC23-46A99597642A}.Debug|Win32.Build.0 = Debug|Win32
		{2B4DB550-EED0-36D8-AC23-46A99597642A}.Release|Win32.ActiveCfg = Release|Win32
		{2B4DB550-EED0-36D8-AC23-46A99597642A}.Release|Win32.Build.0 = Release|Win32
		{2B4DB550-EED0-36D8-AC23-46A99597642A}.MinSizeRel|Win32.ActiveCfg = MinSizeRel|Win32
		{2B4DB550-EED0-36D8-AC23-46A99597642A}.MinSizeRel|Win32.Build.0 = MinSizeRel|Win32
		{2B4DB550-EED0-36D8-AC23-46A99597642A}.RelWithDebInfo|Win32.ActiveCfg = RelWithDebInfo|Win32
		{2B4DB550-EED0-36D8-AC23-46A99597642A}.RelWithDebInfo|Win32.Build.0 = RelWithDebInfo|Win32
		{F632A379-03E4-3B11-96B7-77678E13DB26}.Debug|Win32.ActiveCfg = Debug|Win32
		{F632A379-03E4-3B11-96B7-77678E13DB26}.Debug|Win32.Build.0 = Debug|Win32
		{F632A379-03E4-3B11-96B7-77678E13DB26}.Release|Win32.ActiveCfg = Release|Win32
		{F632A379-03E4-3B11-96B7-77678E13DB26}.Release|Win32.Build.0 = Release|Win32
		{F632A379-03E4-3B11-96B7-77678E13DB26}.MinSizeRel|Win32.ActiveCfg = MinSizeRel|Win32
		{F632A379-03E4-3B11-96B7-77678E13DB26}.MinSizeRel|Win32.Build.0 = MinSizeRel|Win32
		{F632A379-03E4-3B11-96B7-77678E13DB26}.RelWithDebInfo|Win32.ActiveCfg = RelWithDebInfo|Win32
		{F632A379-03E4-3B11-96B7-77678E13DB26}.RelWithDebInfo|Win32.Build.0 = RelWithDebInfo|Win32
		{13C87D62-E346-3A5B-9E82-5228CCAC7DF6}.Debug|Win32.ActiveCfg = Debug|Win32
		{13C87D62-E346-3A5B-9E82-5228CCAC7DF6}.Release|Win32.ActiveCfg = Release|Win32
		{13C87D62-E346-3A5B-9E82-5228CCAC7DF6}.MinSizeRel|Win32.ActiveCfg = MinSizeRel|Win32
		{13C87D62-E346-3A5B-9E82-5228CCAC7DF6}.RelWithDebInfo|Win32.ActiveCfg = RelWithDebInfo|Win32
		{516D940F-A960-3352-BB44-AE607D5E16C7}.Debug|Win32.ActiveCfg = Debug|Win32
		{516D940F-A960-3352-BB44-AE607D5E16C7}.Release|Win32.ActiveCfg = Release|Win32
		{516D940F-A960-3352-BB44-AE607D5E16C7}.MinSizeRel|Win32.ActiveCfg = MinSizeRel|Win32
		{516D940F-A960-3352-BB44-AE607D5E16C7}.RelWithDebInfo|Win32.ActiveCfg = RelWithDebInfo|Win32
		{5477268A-35F6-384C-85AF-54CE73ABF9F4}.Debug|Win32.ActiveCfg = Debug|Win32
		{5477268A-35F6-384C-85AF-54CE73ABF9F4}.Debug|Win32.Build.0 = Debug|Win32
		{5477268A-35F6-384C-85AF-54CE73ABF9F4}.Release|Win32.ActiveCfg = Release|Win32
		{5477268A-35F6-384C-85AF-54CE73ABF9F4}.Release|Win32.Build.0 = Release|Win32
		{5477268A-35F6-384C-85AF-54CE73ABF9F4}.MinSizeRel|Win32.ActiveCfg = MinSizeRel|Win32
		{5477268A-35F6-384C-85AF-54CE73ABF9F4}.MinSizeRel|Win32.Build.0 = MinSizeRel|Win32
		{5477268A-35F6-384C-85AF-54CE73ABF9F4}.RelWithDebInfo|Win32.ActiveCfg = RelWithDebInfo|Win32
		{5477268A-35F6-384C-85AF-54CE73ABF9F4}.RelWithDebInfo|Win32.Build.0 = RelWithDebInfo|Win32
		{6101AA84-97C2-3A0B-B5EB-6E2750BF3137}.Debug|Win32.ActiveCfg = Debug|Win32
		{6101AA84-97C2-3A0B-B5EB-6E2750BF3137}.Debug|Win32.Build.0 = Debug|Win32
		{6101AA84-97C2-3A0B-B5EB-6E2750BF3137}.Release|Win32.ActiveCfg = Release|Win32
		{6101AA84-97C2-3A0B-B5EB-6E2750BF3137}.Release|Win32.Build.0 = Release|Win32
		{6101AA84-97C2-3A0B-B5EB-6E2750BF3137}.MinSizeRel|Win32.ActiveCfg = MinSizeRel|Win32
		{6101AA84-97C2-3A0B-B5EB-6E2750BF3137}.MinSizeRel|Win32.Build.0 = MinSizeRel|Win32
		{6101AA84-97C2-3A0B-B5EB-6E2750BF3137}.RelWithDebInfo|Win32.ActiveCfg = RelWithDebInfo|Win32
		{6101AA84-97C2-3A0B-B5EB-6E2750BF3137}.RelWithDebInfo|Win32.Build.0 = RelWithDebInfo|Win32
		{A0387E37-E5F0-3487-8C09-CC4DAA73325C}.Debug|Win32.ActiveCfg = Debug|Win32
		{A0387E37-E5F0-3487-8C09-CC4DAA73325C}.Debug|Win32.Build.0 = Debug|Win32
		{A0387E37-E5F0-3487-8C09-CC4DAA73325C}.Release|Win32.ActiveCfg = Release|Win32
		{A0387E37-E5F0-3487-8C09-CC4DAA73325C}.Release|Win32.Build.0 = Release|Win32
		{A0387E37-E5F0-3487-8C09-CC4DAA73325C}.MinSizeRel|Win32.ActiveCfg = MinSizeRel|Win32
		{A0387E37-E5F0-3487-8C09-CC4DAA73325C}.MinSizeRel|Win32.Build.0 = MinSizeRel|Win32
		{A0387E37-E5F0-3487-8C09-CC4DAA73325C}.RelWithDebInfo|Win32.ActiveCfg = RelWithDebInfo|Win32
		{A0387E37-E5F0-3487-8C09-CC4DAA73325C}.RelWithDebInfo|Win32.Build.0 = RelWithDebInfo|Win32
	EndGlobalSection
	GlobalSection(ExtensibilityGlobals) = postSolution
	EndGlobalSection
	GlobalSection(ExtensibilityAddIns) = postSolution
	EndGlobalSection
EndGlobal
