<?xml version="1.0" encoding="UTF-8"?>
<Project ToolsVersion="4.0" xmlns="http://schemas.microsoft.com/developer/msbuild/2003">
  <ItemGroup>
    <CustomBuild Include="CMakeFiles\58ace2318dd8c461c9fa7fc9aa01af68\generate.stamp.rule">
      <Filter>CMake Rules</Filter>
    </CustomBuild>
  </ItemGroup>
  <ItemGroup>
    <Filter Include="CMake Rules">
      <UniqueIdentifier>{93D348F5-319A-3396-8BB9-14B0BFF5C755}</UniqueIdentifier>
    </Filter>
  </ItemGroup>
</Project>
