<?xml version="1.0" encoding="UTF-8"?>
<Project ToolsVersion="4.0" xmlns="http://schemas.microsoft.com/developer/msbuild/2003">
  <ItemGroup>
    <ClCompile Include="IlmThread.cpp">
      <Filter>Source Files</Filter>
    </ClCompile>
    <ClCompile Include="IlmThreadMutex.cpp">
      <Filter>Source Files</Filter>
    </ClCompile>
    <ClCompile Include="IlmThreadMutexPosix.cpp">
      <Filter>Source Files</Filter>
    </ClCompile>
    <ClCompile Include="IlmThreadPool.cpp">
      <Filter>Source Files</Filter>
    </ClCompile>
    <ClCompile Include="IlmThreadPosix.cpp">
      <Filter>Source Files</Filter>
    </ClCompile>
    <ClCompile Include="IlmThreadSemaphore.cpp">
      <Filter>Source Files</Filter>
    </ClCompile>
    <ClCompile Include="IlmThreadSemaphorePosixCompat.cpp">
      <Filter>Source Files</Filter>
    </ClCompile>
    <ClCompile Include="IlmThreadSemaphorePosix.cpp">
      <Filter>Source Files</Filter>
    </ClCompile>
    <ClCompile Include="IlmThreadMutexWin32.cpp">
      <Filter>Source Files</Filter>
    </ClCompile>
    <ClCompile Include="IlmThreadSemaphoreWin32.cpp">
      <Filter>Source Files</Filter>
    </ClCompile>
    <ClCompile Include="IlmThreadWin32.cpp">
      <Filter>Source Files</Filter>
    </ClCompile>
  </ItemGroup>
  <ItemGroup>
    <CustomBuild Include="CMakeLists.txt" />
  </ItemGroup>
  <ItemGroup>
    <Filter Include="Source Files">
      <UniqueIdentifier>{BB36CA96-AC17-3722-9BAD-2B17020DC226}</UniqueIdentifier>
    </Filter>
  </ItemGroup>
</Project>
