Microsoft Visual Studio Solution File, Format Version 11.00
# Visual Studio 2010
Project("{8BC9CEB8-8B4A-11D0-8D11-00A0C91BC942}") = "ALL_BUILD", "ALL_BUILD.vcxproj", "{37933F5F-2801-31F9-9BD3-58949905F5A4}"
	ProjectSection(ProjectDependencies) = postProject
		{5F565527-1C21-3864-A599-80F8BF8B8603} = {5F565527-1C21-3864-A599-80F8BF8B8603}
		{00B42A98-AE5A-3837-A0C6-2790F19B2190} = {00B42A98-AE5A-3837-A0C6-2790F19B2190}
		{BF0B89C5-5E6B-3775-AA0D-D5386BF2F855} = {BF0B89C5-5E6B-3775-AA0D-D5386BF2F855}
		{50ADE263-FAD0-3A62-8DDD-55EE9BF1C31D} = {50ADE263-FAD0-3A62-8DDD-55EE9BF1C31D}
		{04E54E9D-CF08-3A25-A759-76622E564BC6} = {04E54E9D-CF08-3A25-A759-76622E564BC6}
		{8F79E17F-4540-3C3E-8A06-1476DF959DE5} = {8F79E17F-4540-3C3E-8A06-1476DF959DE5}
		{86F7BFAB-D94A-3CE2-8644-B35479E2CC8B} = {86F7BFAB-D94A-3CE2-8644-B35479E2CC8B}
		{01EF3D7C-0F09-37F5-A7E7-89ABADB82820} = {01EF3D7C-0F09-37F5-A7E7-89ABADB82820}
		{2167B8B0-A4B4-3062-9D94-770CD732CFB3} = {2167B8B0-A4B4-3062-9D94-770CD732CFB3}
		{21B174A5-DE07-33EF-BC91-06BFB17023A2} = {21B174A5-DE07-33EF-BC91-06BFB17023A2}
		{50B9BE16-44EF-31B8-86BC-F38DDFC50283} = {50B9BE16-44EF-31B8-86BC-F38DDFC50283}
		{E0300255-4A42-3DE3-88A9-988EDEEEFD2F} = {E0300255-4A42-3DE3-88A9-988EDEEEFD2F}
		{32C0FD25-E345-3FD7-9C69-36CF73A92B4E} = {32C0FD25-E345-3FD7-9C69-36CF73A92B4E}
		{A00E65B3-A69C-3656-A390-38ECED907FF9} = {A00E65B3-A69C-3656-A390-38ECED907FF9}
		{E37AE325-19F7-3E24-824A-A66C2DD312C6} = {E37AE325-19F7-3E24-824A-A66C2DD312C6}
		{8685E127-6A1B-3FEE-82F9-8B7CBEF35B42} = {8685E127-6A1B-3FEE-82F9-8B7CBEF35B42}
	EndProjectSection
EndProject
Project("{8BC9CEB8-8B4A-11D0-8D11-00A0C91BC942}") = "INSTALL", "INSTALL.vcxproj", "{041243D4-DF46-33A0-B84F-515F4C2EA15E}"
	ProjectSection(ProjectDependencies) = postProject
		{37933F5F-2801-31F9-9BD3-58949905F5A4} = {37933F5F-2801-31F9-9BD3-58949905F5A4}
		{86F7BFAB-D94A-3CE2-8644-B35479E2CC8B} = {86F7BFAB-D94A-3CE2-8644-B35479E2CC8B}
	EndProjectSection
EndProject
Project("{8BC9CEB8-8B4A-11D0-8D11-00A0C91BC942}") = "IlmImf", "IlmImf\IlmImf.vcxproj", "{5F565527-1C21-3864-A599-80F8BF8B8603}"
	ProjectSection(ProjectDependencies) = postProject
		{86F7BFAB-D94A-3CE2-8644-B35479E2CC8B} = {86F7BFAB-D94A-3CE2-8644-B35479E2CC8B}
		{01EF3D7C-0F09-37F5-A7E7-89ABADB82820} = {01EF3D7C-0F09-37F5-A7E7-89ABADB82820}
		{2167B8B0-A4B4-3062-9D94-770CD732CFB3} = {2167B8B0-A4B4-3062-9D94-770CD732CFB3}
	EndProjectSection
EndProject
Project("{8BC9CEB8-8B4A-11D0-8D11-00A0C91BC942}") = "IlmImfExamples", "IlmImfExamples\IlmImfExamples.vcxproj", "{00B42A98-AE5A-3837-A0C6-2790F19B2190}"
	ProjectSection(ProjectDependencies) = postProject
		{5F565527-1C21-3864-A599-80F8BF8B8603} = {5F565527-1C21-3864-A599-80F8BF8B8603}
		{86F7BFAB-D94A-3CE2-8644-B35479E2CC8B} = {86F7BFAB-D94A-3CE2-8644-B35479E2CC8B}
	EndProjectSection
EndProject
Project("{8BC9CEB8-8B4A-11D0-8D11-00A0C91BC942}") = "IlmImfFuzzTest", "IlmImfFuzzTest\IlmImfFuzzTest.vcxproj", "{BF0B89C5-5E6B-3775-AA0D-D5386BF2F855}"
	ProjectSection(ProjectDependencies) = postProject
		{5F565527-1C21-3864-A599-80F8BF8B8603} = {5F565527-1C21-3864-A599-80F8BF8B8603}
		{86F7BFAB-D94A-3CE2-8644-B35479E2CC8B} = {86F7BFAB-D94A-3CE2-8644-B35479E2CC8B}
	EndProjectSection
EndProject
Project("{8BC9CEB8-8B4A-11D0-8D11-00A0C91BC942}") = "IlmImfTest", "IlmImfTest\IlmImfTest.vcxproj", "{50ADE263-FAD0-3A62-8DDD-55EE9BF1C31D}"
	ProjectSection(ProjectDependencies) = postProject
		{5F565527-1C21-3864-A599-80F8BF8B8603} = {5F565527-1C21-3864-A599-80F8BF8B8603}
		{86F7BFAB-D94A-3CE2-8644-B35479E2CC8B} = {86F7BFAB-D94A-3CE2-8644-B35479E2CC8B}
	EndProjectSection
EndProject
Project("{8BC9CEB8-8B4A-11D0-8D11-00A0C91BC942}") = "IlmImfUtil", "IlmImfUtil\IlmImfUtil.vcxproj", "{04E54E9D-CF08-3A25-A759-76622E564BC6}"
	ProjectSection(ProjectDependencies) = postProject
		{5F565527-1C21-3864-A599-80F8BF8B8603} = {5F565527-1C21-3864-A599-80F8BF8B8603}
		{86F7BFAB-D94A-3CE2-8644-B35479E2CC8B} = {86F7BFAB-D94A-3CE2-8644-B35479E2CC8B}
	EndProjectSection
EndProject
Project("{8BC9CEB8-8B4A-11D0-8D11-00A0C91BC942}") = "IlmImfUtilTest", "IlmImfUtilTest\IlmImfUtilTest.vcxproj", "{8F79E17F-4540-3C3E-8A06-1476DF959DE5}"
	ProjectSection(ProjectDependencies) = postProject
		{5F565527-1C21-3864-A599-80F8BF8B8603} = {5F565527-1C21-3864-A599-80F8BF8B8603}
		{04E54E9D-CF08-3A25-A759-76622E564BC6} = {04E54E9D-CF08-3A25-A759-76622E564BC6}
		{86F7BFAB-D94A-3CE2-8644-B35479E2CC8B} = {86F7BFAB-D94A-3CE2-8644-B35479E2CC8B}
	EndProjectSection
EndProject
Project("{8BC9CEB8-8B4A-11D0-8D11-00A0C91BC942}") = "PACKAGE", "PACKAGE.vcxproj", "{44964415-B07A-36C9-9F01-E62E4C138D34}"
	ProjectSection(ProjectDependencies) = postProject
		{37933F5F-2801-31F9-9BD3-58949905F5A4} = {37933F5F-2801-31F9-9BD3-58949905F5A4}
		{86F7BFAB-D94A-3CE2-8644-B35479E2CC8B} = {86F7BFAB-D94A-3CE2-8644-B35479E2CC8B}
	EndProjectSection
EndProject
Project("{8BC9CEB8-8B4A-11D0-8D11-00A0C91BC942}") = "RUN_TESTS", "RUN_TESTS.vcxproj", "{E7898263-D1D1-32C5-9831-6216CEE402B0}"
	ProjectSection(ProjectDependencies) = postProject
		{86F7BFAB-D94A-3CE2-8644-B35479E2CC8B} = {86F7BFAB-D94A-3CE2-8644-B35479E2CC8B}
	EndProjectSection
EndProject
Project("{8BC9CEB8-8B4A-11D0-8D11-00A0C91BC942}") = "ZERO_CHECK", "ZERO_CHECK.vcxproj", "{86F7BFAB-D94A-3CE2-8644-B35479E2CC8B}"
	ProjectSection(ProjectDependencies) = postProject
	EndProjectSection
EndProject
Project("{8BC9CEB8-8B4A-11D0-8D11-00A0C91BC942}") = "b44ExpLogTable", "IlmImf\b44ExpLogTable.vcxproj", "{01EF3D7C-0F09-37F5-A7E7-89ABADB82820}"
	ProjectSection(ProjectDependencies) = postProject
		{86F7BFAB-D94A-3CE2-8644-B35479E2CC8B} = {86F7BFAB-D94A-3CE2-8644-B35479E2CC8B}
	EndProjectSection
EndProject
Project("{8BC9CEB8-8B4A-11D0-8D11-00A0C91BC942}") = "dwaLookups", "IlmImf\dwaLookups.vcxproj", "{2167B8B0-A4B4-3062-9D94-770CD732CFB3}"
	ProjectSection(ProjectDependencies) = postProject
		{86F7BFAB-D94A-3CE2-8644-B35479E2CC8B} = {86F7BFAB-D94A-3CE2-8644-B35479E2CC8B}
	EndProjectSection
EndProject
Project("{8BC9CEB8-8B4A-11D0-8D11-00A0C91BC942}") = "exrenvmap", "exrenvmap\exrenvmap.vcxproj", "{21B174A5-DE07-33EF-BC91-06BFB17023A2}"
	ProjectSection(ProjectDependencies) = postProject
		{5F565527-1C21-3864-A599-80F8BF8B8603} = {5F565527-1C21-3864-A599-80F8BF8B8603}
		{86F7BFAB-D94A-3CE2-8644-B35479E2CC8B} = {86F7BFAB-D94A-3CE2-8644-B35479E2CC8B}
	EndProjectSection
EndProject
Project("{8BC9CEB8-8B4A-11D0-8D11-00A0C91BC942}") = "exrheader", "exrheader\exrheader.vcxproj", "{50B9BE16-44EF-31B8-86BC-F38DDFC50283}"
	ProjectSection(ProjectDependencies) = postProject
		{5F565527-1C21-3864-A599-80F8BF8B8603} = {5F565527-1C21-3864-A599-80F8BF8B8603}
		{86F7BFAB-D94A-3CE2-8644-B35479E2CC8B} = {86F7BFAB-D94A-3CE2-8644-B35479E2CC8B}
	EndProjectSection
EndProject
Project("{8BC9CEB8-8B4A-11D0-8D11-00A0C91BC942}") = "exrmakepreview", "exrmakepreview\exrmakepreview.vcxproj", "{E0300255-4A42-3DE3-88A9-988EDEEEFD2F}"
	ProjectSection(ProjectDependencies) = postProject
		{5F565527-1C21-3864-A599-80F8BF8B8603} = {5F565527-1C21-3864-A599-80F8BF8B8603}
		{86F7BFAB-D94A-3CE2-8644-B35479E2CC8B} = {86F7BFAB-D94A-3CE2-8644-B35479E2CC8B}
	EndProjectSection
EndProject
Project("{8BC9CEB8-8B4A-11D0-8D11-00A0C91BC942}") = "exrmaketiled", "exrmaketiled\exrmaketiled.vcxproj", "{32C0FD25-E345-3FD7-9C69-36CF73A92B4E}"
	ProjectSection(ProjectDependencies) = postProject
		{5F565527-1C21-3864-A599-80F8BF8B8603} = {5F565527-1C21-3864-A599-80F8BF8B8603}
		{86F7BFAB-D94A-3CE2-8644-B35479E2CC8B} = {86F7BFAB-D94A-3CE2-8644-B35479E2CC8B}
	EndProjectSection
EndProject
Project("{8BC9CEB8-8B4A-11D0-8D11-00A0C91BC942}") = "exrmultipart", "exrmultipart\exrmultipart.vcxproj", "{A00E65B3-A69C-3656-A390-38ECED907FF9}"
	ProjectSection(ProjectDependencies) = postProject
		{5F565527-1C21-3864-A599-80F8BF8B8603} = {5F565527-1C21-3864-A599-80F8BF8B8603}
		{86F7BFAB-D94A-3CE2-8644-B35479E2CC8B} = {86F7BFAB-D94A-3CE2-8644-B35479E2CC8B}
	EndProjectSection
EndProject
Project("{8BC9CEB8-8B4A-11D0-8D11-00A0C91BC942}") = "exrmultiview", "exrmultiview\exrmultiview.vcxproj", "{E37AE325-19F7-3E24-824A-A66C2DD312C6}"
	ProjectSection(ProjectDependencies) = postProject
		{5F565527-1C21-3864-A599-80F8BF8B8603} = {5F565527-1C21-3864-A599-80F8BF8B8603}
		{86F7BFAB-D94A-3CE2-8644-B35479E2CC8B} = {86F7BFAB-D94A-3CE2-8644-B35479E2CC8B}
	EndProjectSection
EndProject
Project("{8BC9CEB8-8B4A-11D0-8D11-00A0C91BC942}") = "exrstdattr", "exrstdattr\exrstdattr.vcxproj", "{8685E127-6A1B-3FEE-82F9-8B7CBEF35B42}"
	ProjectSection(ProjectDependencies) = postProject
		{5F565527-1C21-3864-A599-80F8BF8B8603} = {5F565527-1C21-3864-A599-80F8BF8B8603}
		{86F7BFAB-D94A-3CE2-8644-B35479E2CC8B} = {86F7BFAB-D94A-3CE2-8644-B35479E2CC8B}
	EndProjectSection
EndProject
Global
	GlobalSection(SolutionConfigurationPlatforms) = preSolution
		Debug|Win32 = Debug|Win32
		Release|Win32 = Release|Win32
		MinSizeRel|Win32 = MinSizeRel|Win32
		RelWithDebInfo|Win32 = RelWithDebInfo|Win32
	EndGlobalSection
	GlobalSection(ProjectConfigurationPlatforms) = postSolution
		{37933F5F-2801-31F9-9BD3-58949905F5A4}.Debug|Win32.ActiveCfg = Debug|Win32
		{37933F5F-2801-31F9-9BD3-58949905F5A4}.Debug|Win32.Build.0 = Debug|Win32
		{37933F5F-2801-31F9-9BD3-58949905F5A4}.Release|Win32.ActiveCfg = Release|Win32
		{37933F5F-2801-31F9-9BD3-58949905F5A4}.Release|Win32.Build.0 = Release|Win32
		{37933F5F-2801-31F9-9BD3-58949905F5A4}.MinSizeRel|Win32.ActiveCfg = MinSizeRel|Win32
		{37933F5F-2801-31F9-9BD3-58949905F5A4}.MinSizeRel|Win32.Build.0 = MinSizeRel|Win32
		{37933F5F-2801-31F9-9BD3-58949905F5A4}.RelWithDebInfo|Win32.ActiveCfg = RelWithDebInfo|Win32
		{37933F5F-2801-31F9-9BD3-58949905F5A4}.RelWithDebInfo|Win32.Build.0 = RelWithDebInfo|Win32
		{041243D4-DF46-33A0-B84F-515F4C2EA15E}.Debug|Win32.ActiveCfg = Debug|Win32
		{041243D4-DF46-33A0-B84F-515F4C2EA15E}.Release|Win32.ActiveCfg = Release|Win32
		{041243D4-DF46-33A0-B84F-515F4C2EA15E}.MinSizeRel|Win32.ActiveCfg = MinSizeRel|Win32
		{041243D4-DF46-33A0-B84F-515F4C2EA15E}.RelWithDebInfo|Win32.ActiveCfg = RelWithDebInfo|Win32
		{5F565527-1C21-3864-A599-80F8BF8B8603}.Debug|Win32.ActiveCfg = Debug|Win32
		{5F565527-1C21-3864-A599-80F8BF8B8603}.Debug|Win32.Build.0 = Debug|Win32
		{5F565527-1C21-3864-A599-80F8BF8B8603}.Release|Win32.ActiveCfg = Release|Win32
		{5F565527-1C21-3864-A599-80F8BF8B8603}.Release|Win32.Build.0 = Release|Win32
		{5F565527-1C21-3864-A599-80F8BF8B8603}.MinSizeRel|Win32.ActiveCfg = MinSizeRel|Win32
		{5F565527-1C21-3864-A599-80F8BF8B8603}.MinSizeRel|Win32.Build.0 = MinSizeRel|Win32
		{5F565527-1C21-3864-A599-80F8BF8B8603}.RelWithDebInfo|Win32.ActiveCfg = RelWithDebInfo|Win32
		{5F565527-1C21-3864-A599-80F8BF8B8603}.RelWithDebInfo|Win32.Build.0 = RelWithDebInfo|Win32
		{00B42A98-AE5A-3837-A0C6-2790F19B2190}.Debug|Win32.ActiveCfg = Debug|Win32
		{00B42A98-AE5A-3837-A0C6-2790F19B2190}.Debug|Win32.Build.0 = Debug|Win32
		{00B42A98-AE5A-3837-A0C6-2790F19B2190}.Release|Win32.ActiveCfg = Release|Win32
		{00B42A98-AE5A-3837-A0C6-2790F19B2190}.Release|Win32.Build.0 = Release|Win32
		{00B42A98-AE5A-3837-A0C6-2790F19B2190}.MinSizeRel|Win32.ActiveCfg = MinSizeRel|Win32
		{00B42A98-AE5A-3837-A0C6-2790F19B2190}.MinSizeRel|Win32.Build.0 = MinSizeRel|Win32
		{00B42A98-AE5A-3837-A0C6-2790F19B2190}.RelWithDebInfo|Win32.ActiveCfg = RelWithDebInfo|Win32
		{00B42A98-AE5A-3837-A0C6-2790F19B2190}.RelWithDebInfo|Win32.Build.0 = RelWithDebInfo|Win32
		{BF0B89C5-5E6B-3775-AA0D-D5386BF2F855}.Debug|Win32.ActiveCfg = Debug|Win32
		{BF0B89C5-5E6B-3775-AA0D-D5386BF2F855}.Debug|Win32.Build.0 = Debug|Win32
		{BF0B89C5-5E6B-3775-AA0D-D5386BF2F855}.Release|Win32.ActiveCfg = Release|Win32
		{BF0B89C5-5E6B-3775-AA0D-D5386BF2F855}.Release|Win32.Build.0 = Release|Win32
		{BF0B89C5-5E6B-3775-AA0D-D5386BF2F855}.MinSizeRel|Win32.ActiveCfg = MinSizeRel|Win32
		{BF0B89C5-5E6B-3775-AA0D-D5386BF2F855}.MinSizeRel|Win32.Build.0 = MinSizeRel|Win32
		{BF0B89C5-5E6B-3775-AA0D-D5386BF2F855}.RelWithDebInfo|Win32.ActiveCfg = RelWithDebInfo|Win32
		{BF0B89C5-5E6B-3775-AA0D-D5386BF2F855}.RelWithDebInfo|Win32.Build.0 = RelWithDebInfo|Win32
		{50ADE263-FAD0-3A62-8DDD-55EE9BF1C31D}.Debug|Win32.ActiveCfg = Debug|Win32
		{50ADE263-FAD0-3A62-8DDD-55EE9BF1C31D}.Debug|Win32.Build.0 = Debug|Win32
		{50ADE263-FAD0-3A62-8DDD-55EE9BF1C31D}.Release|Win32.ActiveCfg = Release|Win32
		{50ADE263-FAD0-3A62-8DDD-55EE9BF1C31D}.Release|Win32.Build.0 = Release|Win32
		{50ADE263-FAD0-3A62-8DDD-55EE9BF1C31D}.MinSizeRel|Win32.ActiveCfg = MinSizeRel|Win32
		{50ADE263-FAD0-3A62-8DDD-55EE9BF1C31D}.MinSizeRel|Win32.Build.0 = MinSizeRel|Win32
		{50ADE263-FAD0-3A62-8DDD-55EE9BF1C31D}.RelWithDebInfo|Win32.ActiveCfg = RelWithDebInfo|Win32
		{50ADE263-FAD0-3A62-8DDD-55EE9BF1C31D}.RelWithDebInfo|Win32.Build.0 = RelWithDebInfo|Win32
		{04E54E9D-CF08-3A25-A759-76622E564BC6}.Debug|Win32.ActiveCfg = Debug|Win32
		{04E54E9D-CF08-3A25-A759-76622E564BC6}.Debug|Win32.Build.0 = Debug|Win32
		{04E54E9D-CF08-3A25-A759-76622E564BC6}.Release|Win32.ActiveCfg = Release|Win32
		{04E54E9D-CF08-3A25-A759-76622E564BC6}.Release|Win32.Build.0 = Release|Win32
		{04E54E9D-CF08-3A25-A759-76622E564BC6}.MinSizeRel|Win32.ActiveCfg = MinSizeRel|Win32
		{04E54E9D-CF08-3A25-A759-76622E564BC6}.MinSizeRel|Win32.Build.0 = MinSizeRel|Win32
		{04E54E9D-CF08-3A25-A759-76622E564BC6}.RelWithDebInfo|Win32.ActiveCfg = RelWithDebInfo|Win32
		{04E54E9D-CF08-3A25-A759-76622E564BC6}.RelWithDebInfo|Win32.Build.0 = RelWithDebInfo|Win32
		{8F79E17F-4540-3C3E-8A06-1476DF959DE5}.Debug|Win32.ActiveCfg = Debug|Win32
		{8F79E17F-4540-3C3E-8A06-1476DF959DE5}.Debug|Win32.Build.0 = Debug|Win32
		{8F79E17F-4540-3C3E-8A06-1476DF959DE5}.Release|Win32.ActiveCfg = Release|Win32
		{8F79E17F-4540-3C3E-8A06-1476DF959DE5}.Release|Win32.Build.0 = Release|Win32
		{8F79E17F-4540-3C3E-8A06-1476DF959DE5}.MinSizeRel|Win32.ActiveCfg = MinSizeRel|Win32
		{8F79E17F-4540-3C3E-8A06-1476DF959DE5}.MinSizeRel|Win32.Build.0 = MinSizeRel|Win32
		{8F79E17F-4540-3C3E-8A06-1476DF959DE5}.RelWithDebInfo|Win32.ActiveCfg = RelWithDebInfo|Win32
		{8F79E17F-4540-3C3E-8A06-1476DF959DE5}.RelWithDebInfo|Win32.Build.0 = RelWithDebInfo|Win32
		{44964415-B07A-36C9-9F01-E62E4C138D34}.Debug|Win32.ActiveCfg = Debug|Win32
		{44964415-B07A-36C9-9F01-E62E4C138D34}.Release|Win32.ActiveCfg = Release|Win32
		{44964415-B07A-36C9-9F01-E62E4C138D34}.MinSizeRel|Win32.ActiveCfg = MinSizeRel|Win32
		{44964415-B07A-36C9-9F01-E62E4C138D34}.RelWithDebInfo|Win32.ActiveCfg = RelWithDebInfo|Win32
		{E7898263-D1D1-32C5-9831-6216CEE402B0}.Debug|Win32.ActiveCfg = Debug|Win32
		{E7898263-D1D1-32C5-9831-6216CEE402B0}.Release|Win32.ActiveCfg = Release|Win32
		{E7898263-D1D1-32C5-9831-6216CEE402B0}.MinSizeRel|Win32.ActiveCfg = MinSizeRel|Win32
		{E7898263-D1D1-32C5-9831-6216CEE402B0}.RelWithDebInfo|Win32.ActiveCfg = RelWithDebInfo|Win32
		{86F7BFAB-D94A-3CE2-8644-B35479E2CC8B}.Debug|Win32.ActiveCfg = Debug|Win32
		{86F7BFAB-D94A-3CE2-8644-B35479E2CC8B}.Debug|Win32.Build.0 = Debug|Win32
		{86F7BFAB-D94A-3CE2-8644-B35479E2CC8B}.Release|Win32.ActiveCfg = Release|Win32
		{86F7BFAB-D94A-3CE2-8644-B35479E2CC8B}.Release|Win32.Build.0 = Release|Win32
		{86F7BFAB-D94A-3CE2-8644-B35479E2CC8B}.MinSizeRel|Win32.ActiveCfg = MinSizeRel|Win32
		{86F7BFAB-D94A-3CE2-8644-B35479E2CC8B}.MinSizeRel|Win32.Build.0 = MinSizeRel|Win32
		{86F7BFAB-D94A-3CE2-8644-B35479E2CC8B}.RelWithDebInfo|Win32.ActiveCfg = RelWithDebInfo|Win32
		{86F7BFAB-D94A-3CE2-8644-B35479E2CC8B}.RelWithDebInfo|Win32.Build.0 = RelWithDebInfo|Win32
		{01EF3D7C-0F09-37F5-A7E7-89ABADB82820}.Debug|Win32.ActiveCfg = Debug|Win32
		{01EF3D7C-0F09-37F5-A7E7-89ABADB82820}.Debug|Win32.Build.0 = Debug|Win32
		{01EF3D7C-0F09-37F5-A7E7-89ABADB82820}.Release|Win32.ActiveCfg = Release|Win32
		{01EF3D7C-0F09-37F5-A7E7-89ABADB82820}.Release|Win32.Build.0 = Release|Win32
		{01EF3D7C-0F09-37F5-A7E7-89ABADB82820}.MinSizeRel|Win32.ActiveCfg = MinSizeRel|Win32
		{01EF3D7C-0F09-37F5-A7E7-89ABADB82820}.MinSizeRel|Win32.Build.0 = MinSizeRel|Win32
		{01EF3D7C-0F09-37F5-A7E7-89ABADB82820}.RelWithDebInfo|Win32.ActiveCfg = RelWithDebInfo|Win32
		{01EF3D7C-0F09-37F5-A7E7-89ABADB82820}.RelWithDebInfo|Win32.Build.0 = RelWithDebInfo|Win32
		{2167B8B0-A4B4-3062-9D94-770CD732CFB3}.Debug|Win32.ActiveCfg = Debug|Win32
		{2167B8B0-A4B4-3062-9D94-770CD732CFB3}.Debug|Win32.Build.0 = Debug|Win32
		{2167B8B0-A4B4-3062-9D94-770CD732CFB3}.Release|Win32.ActiveCfg = Release|Win32
		{2167B8B0-A4B4-3062-9D94-770CD732CFB3}.Release|Win32.Build.0 = Release|Win32
		{2167B8B0-A4B4-3062-9D94-770CD732CFB3}.MinSizeRel|Win32.ActiveCfg = MinSizeRel|Win32
		{2167B8B0-A4B4-3062-9D94-770CD732CFB3}.MinSizeRel|Win32.Build.0 = MinSizeRel|Win32
		{2167B8B0-A4B4-3062-9D94-770CD732CFB3}.RelWithDebInfo|Win32.ActiveCfg = RelWithDebInfo|Win32
		{2167B8B0-A4B4-3062-9D94-770CD732CFB3}.RelWithDebInfo|Win32.Build.0 = RelWithDebInfo|Win32
		{21B174A5-DE07-33EF-BC91-06BFB17023A2}.Debug|Win32.ActiveCfg = Debug|Win32
		{21B174A5-DE07-33EF-BC91-06BFB17023A2}.Debug|Win32.Build.0 = Debug|Win32
		{21B174A5-DE07-33EF-BC91-06BFB17023A2}.Release|Win32.ActiveCfg = Release|Win32
		{21B174A5-DE07-33EF-BC91-06BFB17023A2}.Release|Win32.Build.0 = Release|Win32
		{21B174A5-DE07-33EF-BC91-06BFB17023A2}.MinSizeRel|Win32.ActiveCfg = MinSizeRel|Win32
		{21B174A5-DE07-33EF-BC91-06BFB17023A2}.MinSizeRel|Win32.Build.0 = MinSizeRel|Win32
		{21B174A5-DE07-33EF-BC91-06BFB17023A2}.RelWithDebInfo|Win32.ActiveCfg = RelWithDebInfo|Win32
		{21B174A5-DE07-33EF-BC91-06BFB17023A2}.RelWithDebInfo|Win32.Build.0 = RelWithDebInfo|Win32
		{50B9BE16-44EF-31B8-86BC-F38DDFC50283}.Debug|Win32.ActiveCfg = Debug|Win32
		{50B9BE16-44EF-31B8-86BC-F38DDFC50283}.Debug|Win32.Build.0 = Debug|Win32
		{50B9BE16-44EF-31B8-86BC-F38DDFC50283}.Release|Win32.ActiveCfg = Release|Win32
		{50B9BE16-44EF-31B8-86BC-F38DDFC50283}.Release|Win32.Build.0 = Release|Win32
		{50B9BE16-44EF-31B8-86BC-F38DDFC50283}.MinSizeRel|Win32.ActiveCfg = MinSizeRel|Win32
		{50B9BE16-44EF-31B8-86BC-F38DDFC50283}.MinSizeRel|Win32.Build.0 = MinSizeRel|Win32
		{50B9BE16-44EF-31B8-86BC-F38DDFC50283}.RelWithDebInfo|Win32.ActiveCfg = RelWithDebInfo|Win32
		{50B9BE16-44EF-31B8-86BC-F38DDFC50283}.RelWithDebInfo|Win32.Build.0 = RelWithDebInfo|Win32
		{E0300255-4A42-3DE3-88A9-988EDEEEFD2F}.Debug|Win32.ActiveCfg = Debug|Win32
		{E0300255-4A42-3DE3-88A9-988EDEEEFD2F}.Debug|Win32.Build.0 = Debug|Win32
		{E0300255-4A42-3DE3-88A9-988EDEEEFD2F}.Release|Win32.ActiveCfg = Release|Win32
		{E0300255-4A42-3DE3-88A9-988EDEEEFD2F}.Release|Win32.Build.0 = Release|Win32
		{E0300255-4A42-3DE3-88A9-988EDEEEFD2F}.MinSizeRel|Win32.ActiveCfg = MinSizeRel|Win32
		{E0300255-4A42-3DE3-88A9-988EDEEEFD2F}.MinSizeRel|Win32.Build.0 = MinSizeRel|Win32
		{E0300255-4A42-3DE3-88A9-988EDEEEFD2F}.RelWithDebInfo|Win32.ActiveCfg = RelWithDebInfo|Win32
		{E0300255-4A42-3DE3-88A9-988EDEEEFD2F}.RelWithDebInfo|Win32.Build.0 = RelWithDebInfo|Win32
		{32C0FD25-E345-3FD7-9C69-36CF73A92B4E}.Debug|Win32.ActiveCfg = Debug|Win32
		{32C0FD25-E345-3FD7-9C69-36CF73A92B4E}.Debug|Win32.Build.0 = Debug|Win32
		{32C0FD25-E345-3FD7-9C69-36CF73A92B4E}.Release|Win32.ActiveCfg = Release|Win32
		{32C0FD25-E345-3FD7-9C69-36CF73A92B4E}.Release|Win32.Build.0 = Release|Win32
		{32C0FD25-E345-3FD7-9C69-36CF73A92B4E}.MinSizeRel|Win32.ActiveCfg = MinSizeRel|Win32
		{32C0FD25-E345-3FD7-9C69-36CF73A92B4E}.MinSizeRel|Win32.Build.0 = MinSizeRel|Win32
		{32C0FD25-E345-3FD7-9C69-36CF73A92B4E}.RelWithDebInfo|Win32.ActiveCfg = RelWithDebInfo|Win32
		{32C0FD25-E345-3FD7-9C69-36CF73A92B4E}.RelWithDebInfo|Win32.Build.0 = RelWithDebInfo|Win32
		{A00E65B3-A69C-3656-A390-38ECED907FF9}.Debug|Win32.ActiveCfg = Debug|Win32
		{A00E65B3-A69C-3656-A390-38ECED907FF9}.Debug|Win32.Build.0 = Debug|Win32
		{A00E65B3-A69C-3656-A390-38ECED907FF9}.Release|Win32.ActiveCfg = Release|Win32
		{A00E65B3-A69C-3656-A390-38ECED907FF9}.Release|Win32.Build.0 = Release|Win32
		{A00E65B3-A69C-3656-A390-38ECED907FF9}.MinSizeRel|Win32.ActiveCfg = MinSizeRel|Win32
		{A00E65B3-A69C-3656-A390-38ECED907FF9}.MinSizeRel|Win32.Build.0 = MinSizeRel|Win32
		{A00E65B3-A69C-3656-A390-38ECED907FF9}.RelWithDebInfo|Win32.ActiveCfg = RelWithDebInfo|Win32
		{A00E65B3-A69C-3656-A390-38ECED907FF9}.RelWithDebInfo|Win32.Build.0 = RelWithDebInfo|Win32
		{E37AE325-19F7-3E24-824A-A66C2DD312C6}.Debug|Win32.ActiveCfg = Debug|Win32
		{E37AE325-19F7-3E24-824A-A66C2DD312C6}.Debug|Win32.Build.0 = Debug|Win32
		{E37AE325-19F7-3E24-824A-A66C2DD312C6}.Release|Win32.ActiveCfg = Release|Win32
		{E37AE325-19F7-3E24-824A-A66C2DD312C6}.Release|Win32.Build.0 = Release|Win32
		{E37AE325-19F7-3E24-824A-A66C2DD312C6}.MinSizeRel|Win32.ActiveCfg = MinSizeRel|Win32
		{E37AE325-19F7-3E24-824A-A66C2DD312C6}.MinSizeRel|Win32.Build.0 = MinSizeRel|Win32
		{E37AE325-19F7-3E24-824A-A66C2DD312C6}.RelWithDebInfo|Win32.ActiveCfg = RelWithDebInfo|Win32
		{E37AE325-19F7-3E24-824A-A66C2DD312C6}.RelWithDebInfo|Win32.Build.0 = RelWithDebInfo|Win32
		{8685E127-6A1B-3FEE-82F9-8B7CBEF35B42}.Debug|Win32.ActiveCfg = Debug|Win32
		{8685E127-6A1B-3FEE-82F9-8B7CBEF35B42}.Debug|Win32.Build.0 = Debug|Win32
		{8685E127-6A1B-3FEE-82F9-8B7CBEF35B42}.Release|Win32.ActiveCfg = Release|Win32
		{8685E127-6A1B-3FEE-82F9-8B7CBEF35B42}.Release|Win32.Build.0 = Release|Win32
		{8685E127-6A1B-3FEE-82F9-8B7CBEF35B42}.MinSizeRel|Win32.ActiveCfg = MinSizeRel|Win32
		{8685E127-6A1B-3FEE-82F9-8B7CBEF35B42}.MinSizeRel|Win32.Build.0 = MinSizeRel|Win32
		{8685E127-6A1B-3FEE-82F9-8B7CBEF35B42}.RelWithDebInfo|Win32.ActiveCfg = RelWithDebInfo|Win32
		{8685E127-6A1B-3FEE-82F9-8B7CBEF35B42}.RelWithDebInfo|Win32.Build.0 = RelWithDebInfo|Win32
	EndGlobalSection
	GlobalSection(ExtensibilityGlobals) = postSolution
	EndGlobalSection
	GlobalSection(ExtensibilityAddIns) = postSolution
	EndGlobalSection
EndGlobal
